// !$*UTF8*$!
{
	archiveVersion = 1;
	classes = {
	};
	objectVersion = 46;
	objects = {

/* Begin PBXBuildFile section */
		CD018F001660A4B3008A1C5A /* AppChangedController.m in Sources */ = {isa = PBXBuildFile; fileRef = CD018EFF1660A4B3008A1C5A /* AppChangedController.m */; };
		CD52DC851665527D0006CF06 /* INSERT_GUI_SUPPORT_V1_3_3.sql in Resources */ = {isa = PBXBuildFile; fileRef = CD52DC841665527D0006CF06 /* INSERT_GUI_SUPPORT_V1_3_3.sql */; };
		CD52DC931666918C0006CF06 /* ALTER_GUI_ELEMENTS_V1_3_3.sql in Resources */ = {isa = PBXBuildFile; fileRef = CD52DC921666918B0006CF06 /* ALTER_GUI_ELEMENTS_V1_3_3.sql */; };
		CD57864C16465D5800CC508B /* Growl Registration Ticket.growlRegDict in Resources */ = {isa = PBXBuildFile; fileRef = CD57864B16465D5800CC508B /* Growl Registration Ticket.growlRegDict */; };
		CD57865216465E2600CC508B /* Growl.framework in CopyFiles */ = {isa = PBXBuildFile; fileRef = CD57865116465E2600CC508B /* Growl.framework */; };
		CD57865316465EDE00CC508B /* Growl.framework in Frameworks */ = {isa = PBXBuildFile; fileRef = CD57865116465E2600CC508B /* Growl.framework */; };
		CD5786551646611200CC508B /* EVE_ICON.icns in Resources */ = {isa = PBXBuildFile; fileRef = CD5786541646611200CC508B /* EVE_ICON.icns */; };
		CD59010D1663BE57000613F7 /* MigrationsV1_3_3.m in Sources */ = {isa = PBXBuildFile; fileRef = CD59010C1663BE56000613F7 /* MigrationsV1_3_3.m */; };
		CD59010F1663BE61000613F7 /* INSERT_GUI_ELEMENTS_V1_3_3.sql in Resources */ = {isa = PBXBuildFile; fileRef = CD59010E1663BE61000613F7 /* INSERT_GUI_ELEMENTS_V1_3_3.sql */; };
		CD5A464716455398007B57A5 /* DatabaseManager.m in Sources */ = {isa = PBXBuildFile; fileRef = CD5A464616455398007B57A5 /* DatabaseManager.m */; };
		CD5A464A1645563E007B57A5 /* MIGRATIONV1_3_0.m in Sources */ = {isa = PBXBuildFile; fileRef = CD5A46491645563E007B57A5 /* MIGRATIONV1_3_0.m */; };
		CD5A464E1645579C007B57A5 /* EVEDatabase.m in Sources */ = {isa = PBXBuildFile; fileRef = CD5A464D1645579C007B57A5 /* EVEDatabase.m */; };
		CD5A4660164558FB007B57A5 /* DDAbstractDatabaseLogger.m in Sources */ = {isa = PBXBuildFile; fileRef = CD5A4651164558FB007B57A5 /* DDAbstractDatabaseLogger.m */; };
		CD5A4661164558FB007B57A5 /* DDASLLogger.m in Sources */ = {isa = PBXBuildFile; fileRef = CD5A4653164558FB007B57A5 /* DDASLLogger.m */; };
		CD5A4662164558FB007B57A5 /* DDFileLogger.m in Sources */ = {isa = PBXBuildFile; fileRef = CD5A4655164558FB007B57A5 /* DDFileLogger.m */; };
		CD5A4663164558FB007B57A5 /* DDLog.m in Sources */ = {isa = PBXBuildFile; fileRef = CD5A4657164558FB007B57A5 /* DDLog.m */; };
		CD5A4664164558FB007B57A5 /* DDTTYLogger.m in Sources */ = {isa = PBXBuildFile; fileRef = CD5A4659164558FB007B57A5 /* DDTTYLogger.m */; };
		CD5A4665164558FB007B57A5 /* ContextFilterLogFormatter.m in Sources */ = {isa = PBXBuildFile; fileRef = CD5A465C164558FB007B57A5 /* ContextFilterLogFormatter.m */; };
		CD5A4666164558FB007B57A5 /* DispatchQueueLogFormatter.m in Sources */ = {isa = PBXBuildFile; fileRef = CD5A465E164558FB007B57A5 /* DispatchQueueLogFormatter.m */; };
		CD5A4667164558FB007B57A5 /* README.txt in Resources */ = {isa = PBXBuildFile; fileRef = CD5A465F164558FB007B57A5 /* README.txt */; };
		CD5A466916455D69007B57A5 /* CREATE_TABLE_V1_0.sql in Resources */ = {isa = PBXBuildFile; fileRef = CD5A466816455D69007B57A5 /* CREATE_TABLE_V1_0.sql */; };
		CD5A469216455F7D007B57A5 /* MenuBarIndexingThread.m in Sources */ = {isa = PBXBuildFile; fileRef = CD5A469116455F7D007B57A5 /* MenuBarIndexingThread.m */; };
		CD5A4699164563D0007B57A5 /* MenuBarTableModel.m in Sources */ = {isa = PBXBuildFile; fileRef = CD5A4698164563D0007B57A5 /* MenuBarTableModel.m */; };
		CD5A46CD16463D72007B57A5 /* EVEManager.m in Sources */ = {isa = PBXBuildFile; fileRef = CD5A46CC16463D72007B57A5 /* EVEManager.m */; };
		CD5A46D016463E64007B57A5 /* IndexingController.m in Sources */ = {isa = PBXBuildFile; fileRef = CD5A46CF16463E64007B57A5 /* IndexingController.m */; };
		CD5A46F516464F7E007B57A5 /* EVEObserver.m in Sources */ = {isa = PBXBuildFile; fileRef = CD5A46F416464F7E007B57A5 /* EVEObserver.m */; };
		CD5A46F816465123007B57A5 /* UIElementClickedController.m in Sources */ = {isa = PBXBuildFile; fileRef = CD5A46F716465123007B57A5 /* UIElementClickedController.m */; };
		CD5E8E2D16612A7700D81C2E /* ALTER_MENU_BAR_ITEMS.sql in Resources */ = {isa = PBXBuildFile; fileRef = CD5E8E2C16612A7700D81C2E /* ALTER_MENU_BAR_ITEMS.sql */; };
		CD602C77164F896A00CF32A4 /* Growl.framework in Frameworks */ = {isa = PBXBuildFile; fileRef = CD57865116465E2600CC508B /* Growl.framework */; };
		CD602C79164F89BB00CF32A4 /* Growl.framework in CopyFiles */ = {isa = PBXBuildFile; fileRef = CD57865116465E2600CC508B /* Growl.framework */; };
		CD6A928E1658D4DE00239A9E /* INSERT_APPLICATION_BLACKLISTV1_3_1.sql in Resources */ = {isa = PBXBuildFile; fileRef = CD6A928D1658D4DE00239A9E /* INSERT_APPLICATION_BLACKLISTV1_3_1.sql */; };
		CD6AD392164BFE9D009FF1B5 /* LicenceWindow.xib in Resources */ = {isa = PBXBuildFile; fileRef = CD6AD38F164BFE9D009FF1B5 /* LicenceWindow.xib */; };
		CD6AD395164C047E009FF1B5 /* LicenceWindowController.m in Sources */ = {isa = PBXBuildFile; fileRef = CD6AD394164C047E009FF1B5 /* LicenceWindowController.m */; };
		CD6AD3BC164C17E9009FF1B5 /* GUIUtilities.m in Sources */ = {isa = PBXBuildFile; fileRef = CD6AD3BB164C17E9009FF1B5 /* GUIUtilities.m */; };
		CD6AD3E9164CC0F0009FF1B5 /* Sparkle.framework in Frameworks */ = {isa = PBXBuildFile; fileRef = CD6AD3E8164CC0F0009FF1B5 /* Sparkle.framework */; };
		CD6AD3EA164CC178009FF1B5 /* Sparkle.framework in CopyFiles */ = {isa = PBXBuildFile; fileRef = CD6AD3E8164CC0F0009FF1B5 /* Sparkle.framework */; };
		CD6AD3F1164D6B9E009FF1B5 /* ShortcutsWindowController.m in Sources */ = {isa = PBXBuildFile; fileRef = CD6AD3EF164D6B9D009FF1B5 /* ShortcutsWindowController.m */; };
		CD6AD3F2164D6B9E009FF1B5 /* ShortcutsWindow.xib in Resources */ = {isa = PBXBuildFile; fileRef = CD6AD3F0164D6B9D009FF1B5 /* ShortcutsWindow.xib */; };
		CD6AD3FE164D7BA6009FF1B5 /* ApplicationsTableViewController.m in Sources */ = {isa = PBXBuildFile; fileRef = CD6AD3FD164D7BA6009FF1B5 /* ApplicationsTableViewController.m */; };
		CD6AD401164D893B009FF1B5 /* GUINotifications.m in Sources */ = {isa = PBXBuildFile; fileRef = CD6AD400164D8939009FF1B5 /* GUINotifications.m */; };
		CD71E48D165ED17F00987E09 /* INSERT_APPLICATION_BLACKLISTV1_3_2.sql in Resources */ = {isa = PBXBuildFile; fileRef = CD71E48C165ED17F00987E09 /* INSERT_APPLICATION_BLACKLISTV1_3_2.sql */; };
		CD71E4A4165EE85A00987E09 /* DDHotKeyAppDelegate.m in Sources */ = {isa = PBXBuildFile; fileRef = CD71E4A1165EE85A00987E09 /* DDHotKeyAppDelegate.m */; settings = {COMPILER_FLAGS = "-fno-objc-arc"; }; };
		CD71E4A5165EE85A00987E09 /* DDHotKeyCenter.m in Sources */ = {isa = PBXBuildFile; fileRef = CD71E4A3165EE85A00987E09 /* DDHotKeyCenter.m */; settings = {COMPILER_FLAGS = "-fno-objc-arc"; }; };
		CD71E4A8165EEB8C00987E09 /* Carbon.framework in Frameworks */ = {isa = PBXBuildFile; fileRef = CD71E4A7165EEB8C00987E09 /* Carbon.framework */; };
		CD71E4AB165FC88B00987E09 /* GlobalHotkeyController.m in Sources */ = {isa = PBXBuildFile; fileRef = CD71E4AA165FC88A00987E09 /* GlobalHotkeyController.m */; };
		CD80E7531645393300A9C7D8 /* Cocoa.framework in Frameworks */ = {isa = PBXBuildFile; fileRef = CD80E7521645393300A9C7D8 /* Cocoa.framework */; };
		CD80E75D1645393400A9C7D8 /* InfoPlist.strings in Resources */ = {isa = PBXBuildFile; fileRef = CD80E75B1645393400A9C7D8 /* InfoPlist.strings */; };
		CD80E75F1645393400A9C7D8 /* main.m in Sources */ = {isa = PBXBuildFile; fileRef = CD80E75E1645393400A9C7D8 /* main.m */; };
		CD80E7631645393400A9C7D8 /* Credits.rtf in Resources */ = {isa = PBXBuildFile; fileRef = CD80E7611645393400A9C7D8 /* Credits.rtf */; };
		CD80E7661645393400A9C7D8 /* AppDelegate.m in Sources */ = {isa = PBXBuildFile; fileRef = CD80E7651645393400A9C7D8 /* AppDelegate.m */; };
		CD80E7691645393400A9C7D8 /* MainMenu.xib in Resources */ = {isa = PBXBuildFile; fileRef = CD80E7671645393400A9C7D8 /* MainMenu.xib */; };
		CD80E7711645393400A9C7D8 /* SenTestingKit.framework in Frameworks */ = {isa = PBXBuildFile; fileRef = CD80E7701645393400A9C7D8 /* SenTestingKit.framework */; };
		CD80E7721645393400A9C7D8 /* Cocoa.framework in Frameworks */ = {isa = PBXBuildFile; fileRef = CD80E7521645393300A9C7D8 /* Cocoa.framework */; };
		CD80E77A1645393400A9C7D8 /* InfoPlist.strings in Resources */ = {isa = PBXBuildFile; fileRef = CD80E7781645393400A9C7D8 /* InfoPlist.strings */; };
		CD80E77D1645393400A9C7D8 /* hotkeyEVETests.m in Sources */ = {isa = PBXBuildFile; fileRef = CD80E77C1645393400A9C7D8 /* hotkeyEVETests.m */; };
		CD80E78D16453A0500A9C7D8 /* MainMenuController.m in Sources */ = {isa = PBXBuildFile; fileRef = CD80E78C16453A0500A9C7D8 /* MainMenuController.m */; };
		CD80E78F1645406B00A9C7D8 /* EVE_ICON_STATUS_BAR_ACTIVE.icns in Resources */ = {isa = PBXBuildFile; fileRef = CD80E78E1645406B00A9C7D8 /* EVE_ICON_STATUS_BAR_ACTIVE.icns */; };
		CD836D591652C0A5008A7876 /* Credits.html in Resources */ = {isa = PBXBuildFile; fileRef = CD836D581652C0A5008A7876 /* Credits.html */; };
		CD84B78A1658CB5500DF227B /* MigrationsV1_3_1.m in Sources */ = {isa = PBXBuildFile; fileRef = CD84B7891658CB5500DF227B /* MigrationsV1_3_1.m */; };
		CD84B78C1658CC7200DF227B /* CREATE_TABLEV1_3_1.sql in Resources */ = {isa = PBXBuildFile; fileRef = CD84B78B1658CC7200DF227B /* CREATE_TABLEV1_3_1.sql */; };
		CD97CE6B16466D7B00406F1F /* EVEMessages.m in Sources */ = {isa = PBXBuildFile; fileRef = CD97CE6A16466D7B00406F1F /* EVEMessages.m */; };
		CD97CE6E164670BE00406F1F /* HandleClickedUIElement.m in Sources */ = {isa = PBXBuildFile; fileRef = CD97CE6D164670BE00406F1F /* HandleClickedUIElement.m */; };
		CD97CE9016467AB000406F1F /* GrowlController.m in Sources */ = {isa = PBXBuildFile; fileRef = CD97CE8F16467AB000406F1F /* GrowlController.m */; };
		CD97CE96164683EA00406F1F /* ApplicationsTableModel.m in Sources */ = {isa = PBXBuildFile; fileRef = CD97CE95164683EA00406F1F /* ApplicationsTableModel.m */; };
		CD97CE99164685BA00406F1F /* UserDataTableModel.m in Sources */ = {isa = PBXBuildFile; fileRef = CD97CE98164685BA00406F1F /* UserDataTableModel.m */; };
		CD97CE9F16468A5E00406F1F /* DisabledShortcutsModel.m in Sources */ = {isa = PBXBuildFile; fileRef = CD97CE9E16468A5E00406F1F /* DisabledShortcutsModel.m */; };
		CD97CEA216468C5200406F1F /* ShortcutTableModel.m in Sources */ = {isa = PBXBuildFile; fileRef = CD97CEA116468C5200406F1F /* ShortcutTableModel.m */; };
		CDA7AD77164D9F4D000907A5 /* ShortcutsTableViewConroller.m in Sources */ = {isa = PBXBuildFile; fileRef = CDA7AD76164D9F4D000907A5 /* ShortcutsTableViewConroller.m */; };
		CDB3D6621646BAE000285306 /* AppLaunchedController.m in Sources */ = {isa = PBXBuildFile; fileRef = CDB3D6611646BAE000285306 /* AppLaunchedController.m */; };
		CDC77C1F165C2DAF00939D99 /* MigrationsV1_3_2.m in Sources */ = {isa = PBXBuildFile; fileRef = CDC77C1E165C2DAF00939D99 /* MigrationsV1_3_2.m */; };
		CDC77C22165C2DEF00939D99 /* INSERT_GUI_ELEMENTS_V1_3_2.sql in Resources */ = {isa = PBXBuildFile; fileRef = CDC77C20165C2DEF00939D99 /* INSERT_GUI_ELEMENTS_V1_3_2.sql */; };
		CDC77C23165C2DEF00939D99 /* INSERT_GUI_SUPPORT_V1_3_2.sql in Resources */ = {isa = PBXBuildFile; fileRef = CDC77C21165C2DEF00939D99 /* INSERT_GUI_SUPPORT_V1_3_2.sql */; };
		CDE54D9A16626FF8009E4C57 /* ShareService.m in Sources */ = {isa = PBXBuildFile; fileRef = CDE54D9916626FF8009E4C57 /* ShareService.m */; };
		CDE54D9D16627556009E4C57 /* ShareServiceTests.m in Sources */ = {isa = PBXBuildFile; fileRef = CDE54D9C16627556009E4C57 /* ShareServiceTests.m */; };
		CDE54D9E166277D2009E4C57 /* ShareService.m in Sources */ = {isa = PBXBuildFile; fileRef = CDE54D9916626FF8009E4C57 /* ShareService.m */; };
		CDEE15311648127A00EDCDF4 /* EVE_ICON_STATUS_BAR_NOT_SUPPORTED.icns in Resources */ = {isa = PBXBuildFile; fileRef = CDEE15301648127900EDCDF4 /* EVE_ICON_STATUS_BAR_NOT_SUPPORTED.icns */; };
		CDEE15341648128C00EDCDF4 /* GUISupportTableModel.m in Sources */ = {isa = PBXBuildFile; fileRef = CDEE15331648128C00EDCDF4 /* GUISupportTableModel.m */; };
		CDEE1537164812F500EDCDF4 /* DisplayedShortcutsModel.m in Sources */ = {isa = PBXBuildFile; fileRef = CDEE1536164812F500EDCDF4 /* DisplayedShortcutsModel.m */; };
		CDEE1558164A93FB00EDCDF4 /* EVEUtilities.m in Sources */ = {isa = PBXBuildFile; fileRef = CDEE1551164A93FB00EDCDF4 /* EVEUtilities.m */; };
		CDEE1559164A93FB00EDCDF4 /* NSFileManager+DirectoryLocations.m in Sources */ = {isa = PBXBuildFile; fileRef = CDEE1553164A93FB00EDCDF4 /* NSFileManager+DirectoryLocations.m */; };
		CDEE155A164A93FB00EDCDF4 /* Queue.m in Sources */ = {isa = PBXBuildFile; fileRef = CDEE1555164A93FB00EDCDF4 /* Queue.m */; };
		CDEE155B164A93FB00EDCDF4 /* StringUtilities.m in Sources */ = {isa = PBXBuildFile; fileRef = CDEE1557164A93FB00EDCDF4 /* StringUtilities.m */; };
		CDEE155D164A9D3200EDCDF4 /* INSERT_GUI_SUPPORT_V1_0.sql in Resources */ = {isa = PBXBuildFile; fileRef = CDEE155C164A9D3200EDCDF4 /* INSERT_GUI_SUPPORT_V1_0.sql */; };
		CDEE1560164AB0D400EDCDF4 /* GUIElementsTable.m in Sources */ = {isa = PBXBuildFile; fileRef = CDEE155F164AB0D200EDCDF4 /* GUIElementsTable.m */; };
		CDEE156F164AE38A00EDCDF4 /* INSERT_GUI_ELEMENTS_V1_0.sql in Resources */ = {isa = PBXBuildFile; fileRef = CDEE156E164AE38A00EDCDF4 /* INSERT_GUI_ELEMENTS_V1_0.sql */; };
		CDEE1573164B03FF00EDCDF4 /* Licence.m in Sources */ = {isa = PBXBuildFile; fileRef = CDEE1572164B03FF00EDCDF4 /* Licence.m */; };
		CDEE1576164B04F100EDCDF4 /* NSString+Hashes.m in Sources */ = {isa = PBXBuildFile; fileRef = CDEE1575164B04F000EDCDF4 /* NSString+Hashes.m */; };
		CDFF8CDB164B72EF00A5EA5A /* Database.dylib in Frameworks */ = {isa = PBXBuildFile; fileRef = CD5A463816455119007B57A5 /* Database.dylib */; };
		CDFF8CDC164B72EF00A5EA5A /* UIElements.dylib in Frameworks */ = {isa = PBXBuildFile; fileRef = CD5A462C1645510F007B57A5 /* UIElements.dylib */; };
		CDFF8CEA164B7CEF00A5EA5A /* Database.dylib in CopyFiles */ = {isa = PBXBuildFile; fileRef = CD5A463816455119007B57A5 /* Database.dylib */; };
		CDFF8CEB164B7CEF00A5EA5A /* UIElements.dylib in CopyFiles */ = {isa = PBXBuildFile; fileRef = CD5A462C1645510F007B57A5 /* UIElements.dylib */; };
/* End PBXBuildFile section */

/* Begin PBXContainerItemProxy section */
		CD5A462B1645510F007B57A5 /* PBXContainerItemProxy */ = {
			isa = PBXContainerItemProxy;
			containerPortal = CD5A46231645510F007B57A5 /* UIElements.xcodeproj */;
			proxyType = 2;
			remoteGlobalIDString = CDE8B47B1633080A0085E130;
			remoteInfo = UIElements;
		};
		CD5A462D1645510F007B57A5 /* PBXContainerItemProxy */ = {
			isa = PBXContainerItemProxy;
			containerPortal = CD5A46231645510F007B57A5 /* UIElements.xcodeproj */;
			proxyType = 2;
			remoteGlobalIDString = CDE8B48F1633080B0085E130;
			remoteInfo = UIElementsTests;
		};
		CD5A463716455119007B57A5 /* PBXContainerItemProxy */ = {
			isa = PBXContainerItemProxy;
			containerPortal = CD5A462F16455118007B57A5 /* Database.xcodeproj */;
			proxyType = 2;
			remoteGlobalIDString = CD868153163BBCEB00667709;
			remoteInfo = Database;
		};
		CD5A463916455119007B57A5 /* PBXContainerItemProxy */ = {
			isa = PBXContainerItemProxy;
			containerPortal = CD5A462F16455118007B57A5 /* Database.xcodeproj */;
			proxyType = 2;
			remoteGlobalIDString = CD868167163BBCEB00667709;
			remoteInfo = DatabaseTests;
		};
		CD5A463B1645512D007B57A5 /* PBXContainerItemProxy */ = {
			isa = PBXContainerItemProxy;
			containerPortal = CD5A46231645510F007B57A5 /* UIElements.xcodeproj */;
			proxyType = 1;
			remoteGlobalIDString = CDE8B47A1633080A0085E130;
			remoteInfo = UIElements;
		};
		CD5A463D1645512D007B57A5 /* PBXContainerItemProxy */ = {
			isa = PBXContainerItemProxy;
			containerPortal = CD5A462F16455118007B57A5 /* Database.xcodeproj */;
			proxyType = 1;
			remoteGlobalIDString = CD868152163BBCEB00667709;
			remoteInfo = Database;
		};
		CD80E7731645393400A9C7D8 /* PBXContainerItemProxy */ = {
			isa = PBXContainerItemProxy;
			containerPortal = CD80E7451645393300A9C7D8 /* Project object */;
			proxyType = 1;
			remoteGlobalIDString = CD80E74D1645393300A9C7D8;
			remoteInfo = hotkeyEVE;
		};
/* End PBXContainerItemProxy section */

/* Begin PBXCopyFilesBuildPhase section */
		CD57864A16465CE100CC508B /* CopyFiles */ = {
			isa = PBXCopyFilesBuildPhase;
			buildActionMask = 12;
			dstPath = "";
			dstSubfolderSpec = 10;
			files = (
				CD6AD3EA164CC178009FF1B5 /* Sparkle.framework in CopyFiles */,
				CD57865216465E2600CC508B /* Growl.framework in CopyFiles */,
			);
			runOnlyForDeploymentPostprocessing = 0;
		};
		CD602C78164F89A000CF32A4 /* CopyFiles */ = {
			isa = PBXCopyFilesBuildPhase;
			buildActionMask = 2147483647;
			dstPath = "";
			dstSubfolderSpec = 10;
			files = (
				CD602C79164F89BB00CF32A4 /* Growl.framework in CopyFiles */,
			);
			runOnlyForDeploymentPostprocessing = 0;
		};
		CDFF8CE9164B7CDC00A5EA5A /* CopyFiles */ = {
			isa = PBXCopyFilesBuildPhase;
			buildActionMask = 2147483647;
			dstPath = "";
			dstSubfolderSpec = 10;
			files = (
				CDFF8CEA164B7CEF00A5EA5A /* Database.dylib in CopyFiles */,
				CDFF8CEB164B7CEF00A5EA5A /* UIElements.dylib in CopyFiles */,
			);
			runOnlyForDeploymentPostprocessing = 0;
		};
/* End PBXCopyFilesBuildPhase section */

/* Begin PBXFileReference section */
		CD018EFE1660A4B3008A1C5A /* AppChangedController.h */ = {isa = PBXFileReference; fileEncoding = 4; lastKnownFileType = sourcecode.c.h; name = AppChangedController.h; path = Conroller/AppChangedController.h; sourceTree = "<group>"; };
		CD018EFF1660A4B3008A1C5A /* AppChangedController.m */ = {isa = PBXFileReference; fileEncoding = 4; lastKnownFileType = sourcecode.c.objc; name = AppChangedController.m; path = Conroller/AppChangedController.m; sourceTree = "<group>"; };
		CD52DC841665527D0006CF06 /* INSERT_GUI_SUPPORT_V1_3_3.sql */ = {isa = PBXFileReference; fileEncoding = 4; lastKnownFileType = text; name = INSERT_GUI_SUPPORT_V1_3_3.sql; path = "Database/SQL Scripte/V1.3.3/INSERT_GUI_SUPPORT_V1_3_3.sql"; sourceTree = "<group>"; };
		CD52DC921666918B0006CF06 /* ALTER_GUI_ELEMENTS_V1_3_3.sql */ = {isa = PBXFileReference; fileEncoding = 4; lastKnownFileType = text; name = ALTER_GUI_ELEMENTS_V1_3_3.sql; path = "Database/SQL Scripte/V1.3.3/ALTER_GUI_ELEMENTS_V1_3_3.sql"; sourceTree = "<group>"; };
		CD57864B16465D5800CC508B /* Growl Registration Ticket.growlRegDict */ = {isa = PBXFileReference; fileEncoding = 4; lastKnownFileType = text.xml; path = "Growl Registration Ticket.growlRegDict"; sourceTree = "<group>"; };
		CD57865116465E2600CC508B /* Growl.framework */ = {isa = PBXFileReference; lastKnownFileType = wrapper.framework; name = Growl.framework; path = hotkeyEVE/Frameworks/Growl.framework; sourceTree = "<group>"; };
		CD5786541646611200CC508B /* EVE_ICON.icns */ = {isa = PBXFileReference; lastKnownFileType = image.icns; path = EVE_ICON.icns; sourceTree = "<group>"; };
		CD59010B1663BE56000613F7 /* MigrationsV1_3_3.h */ = {isa = PBXFileReference; fileEncoding = 4; lastKnownFileType = sourcecode.c.h; name = MigrationsV1_3_3.h; path = Database/Migrations/MigrationsV1_3_3.h; sourceTree = "<group>"; };
		CD59010C1663BE56000613F7 /* MigrationsV1_3_3.m */ = {isa = PBXFileReference; fileEncoding = 4; lastKnownFileType = sourcecode.c.objc; name = MigrationsV1_3_3.m; path = Database/Migrations/MigrationsV1_3_3.m; sourceTree = "<group>"; };
		CD59010E1663BE61000613F7 /* INSERT_GUI_ELEMENTS_V1_3_3.sql */ = {isa = PBXFileReference; fileEncoding = 4; lastKnownFileType = text; name = INSERT_GUI_ELEMENTS_V1_3_3.sql; path = "Database/SQL Scripte/V1.3.3/INSERT_GUI_ELEMENTS_V1_3_3.sql"; sourceTree = "<group>"; };
		CD5A46231645510F007B57A5 /* UIElements.xcodeproj */ = {isa = PBXFileReference; lastKnownFileType = "wrapper.pb-project"; name = UIElements.xcodeproj; path = "eve-uielements/UIElements.xcodeproj"; sourceTree = SOURCE_ROOT; };
		CD5A462F16455118007B57A5 /* Database.xcodeproj */ = {isa = PBXFileReference; lastKnownFileType = "wrapper.pb-project"; name = Database.xcodeproj; path = "eve-database/Database.xcodeproj"; sourceTree = SOURCE_ROOT; };
		CD5A464516455398007B57A5 /* DatabaseManager.h */ = {isa = PBXFileReference; fileEncoding = 4; lastKnownFileType = sourcecode.c.h; name = DatabaseManager.h; path = Database/DatabaseManager.h; sourceTree = "<group>"; };
		CD5A464616455398007B57A5 /* DatabaseManager.m */ = {isa = PBXFileReference; fileEncoding = 4; lastKnownFileType = sourcecode.c.objc; name = DatabaseManager.m; path = Database/DatabaseManager.m; sourceTree = "<group>"; };
		CD5A46481645563E007B57A5 /* MIGRATIONV1_3_0.h */ = {isa = PBXFileReference; fileEncoding = 4; lastKnownFileType = sourcecode.c.h; name = MIGRATIONV1_3_0.h; path = Database/Migrations/MIGRATIONV1_3_0.h; sourceTree = "<group>"; };
		CD5A46491645563E007B57A5 /* MIGRATIONV1_3_0.m */ = {isa = PBXFileReference; fileEncoding = 4; lastKnownFileType = sourcecode.c.objc; name = MIGRATIONV1_3_0.m; path = Database/Migrations/MIGRATIONV1_3_0.m; sourceTree = "<group>"; };
		CD5A464C1645579C007B57A5 /* EVEDatabase.h */ = {isa = PBXFileReference; fileEncoding = 4; lastKnownFileType = sourcecode.c.h; name = EVEDatabase.h; path = Database/EVEDatabase.h; sourceTree = "<group>"; };
		CD5A464D1645579C007B57A5 /* EVEDatabase.m */ = {isa = PBXFileReference; fileEncoding = 4; lastKnownFileType = sourcecode.c.objc; name = EVEDatabase.m; path = Database/EVEDatabase.m; sourceTree = "<group>"; };
		CD5A4650164558FB007B57A5 /* DDAbstractDatabaseLogger.h */ = {isa = PBXFileReference; fileEncoding = 4; lastKnownFileType = sourcecode.c.h; path = DDAbstractDatabaseLogger.h; sourceTree = "<group>"; };
		CD5A4651164558FB007B57A5 /* DDAbstractDatabaseLogger.m */ = {isa = PBXFileReference; fileEncoding = 4; lastKnownFileType = sourcecode.c.objc; path = DDAbstractDatabaseLogger.m; sourceTree = "<group>"; };
		CD5A4652164558FB007B57A5 /* DDASLLogger.h */ = {isa = PBXFileReference; fileEncoding = 4; lastKnownFileType = sourcecode.c.h; path = DDASLLogger.h; sourceTree = "<group>"; };
		CD5A4653164558FB007B57A5 /* DDASLLogger.m */ = {isa = PBXFileReference; fileEncoding = 4; lastKnownFileType = sourcecode.c.objc; path = DDASLLogger.m; sourceTree = "<group>"; };
		CD5A4654164558FB007B57A5 /* DDFileLogger.h */ = {isa = PBXFileReference; fileEncoding = 4; lastKnownFileType = sourcecode.c.h; path = DDFileLogger.h; sourceTree = "<group>"; };
		CD5A4655164558FB007B57A5 /* DDFileLogger.m */ = {isa = PBXFileReference; fileEncoding = 4; lastKnownFileType = sourcecode.c.objc; path = DDFileLogger.m; sourceTree = "<group>"; };
		CD5A4656164558FB007B57A5 /* DDLog.h */ = {isa = PBXFileReference; fileEncoding = 4; lastKnownFileType = sourcecode.c.h; path = DDLog.h; sourceTree = "<group>"; };
		CD5A4657164558FB007B57A5 /* DDLog.m */ = {isa = PBXFileReference; fileEncoding = 4; lastKnownFileType = sourcecode.c.objc; path = DDLog.m; sourceTree = "<group>"; };
		CD5A4658164558FB007B57A5 /* DDTTYLogger.h */ = {isa = PBXFileReference; fileEncoding = 4; lastKnownFileType = sourcecode.c.h; path = DDTTYLogger.h; sourceTree = "<group>"; };
		CD5A4659164558FB007B57A5 /* DDTTYLogger.m */ = {isa = PBXFileReference; fileEncoding = 4; lastKnownFileType = sourcecode.c.objc; path = DDTTYLogger.m; sourceTree = "<group>"; };
		CD5A465B164558FB007B57A5 /* ContextFilterLogFormatter.h */ = {isa = PBXFileReference; fileEncoding = 4; lastKnownFileType = sourcecode.c.h; path = ContextFilterLogFormatter.h; sourceTree = "<group>"; };
		CD5A465C164558FB007B57A5 /* ContextFilterLogFormatter.m */ = {isa = PBXFileReference; fileEncoding = 4; lastKnownFileType = sourcecode.c.objc; path = ContextFilterLogFormatter.m; sourceTree = "<group>"; };
		CD5A465D164558FB007B57A5 /* DispatchQueueLogFormatter.h */ = {isa = PBXFileReference; fileEncoding = 4; lastKnownFileType = sourcecode.c.h; path = DispatchQueueLogFormatter.h; sourceTree = "<group>"; };
		CD5A465E164558FB007B57A5 /* DispatchQueueLogFormatter.m */ = {isa = PBXFileReference; fileEncoding = 4; lastKnownFileType = sourcecode.c.objc; path = DispatchQueueLogFormatter.m; sourceTree = "<group>"; };
		CD5A465F164558FB007B57A5 /* README.txt */ = {isa = PBXFileReference; fileEncoding = 4; lastKnownFileType = text; path = README.txt; sourceTree = "<group>"; };
		CD5A466816455D69007B57A5 /* CREATE_TABLE_V1_0.sql */ = {isa = PBXFileReference; fileEncoding = 4; lastKnownFileType = text; name = CREATE_TABLE_V1_0.sql; path = "Database/SQL Scripte/CREATE_TABLE_V1_0.sql"; sourceTree = "<group>"; };
		CD5A469016455F7D007B57A5 /* MenuBarIndexingThread.h */ = {isa = PBXFileReference; fileEncoding = 4; lastKnownFileType = sourcecode.c.h; name = MenuBarIndexingThread.h; path = Indexing/MenuBarIndexingThread.h; sourceTree = "<group>"; };
		CD5A469116455F7D007B57A5 /* MenuBarIndexingThread.m */ = {isa = PBXFileReference; fileEncoding = 4; lastKnownFileType = sourcecode.c.objc; name = MenuBarIndexingThread.m; path = Indexing/MenuBarIndexingThread.m; sourceTree = "<group>"; };
		CD5A4697164563D0007B57A5 /* MenuBarTableModel.h */ = {isa = PBXFileReference; fileEncoding = 4; lastKnownFileType = sourcecode.c.h; name = MenuBarTableModel.h; path = Database/Models/MenuBarTableModel.h; sourceTree = "<group>"; };
		CD5A4698164563D0007B57A5 /* MenuBarTableModel.m */ = {isa = PBXFileReference; fileEncoding = 4; lastKnownFileType = sourcecode.c.objc; name = MenuBarTableModel.m; path = Database/Models/MenuBarTableModel.m; sourceTree = "<group>"; };
		CD5A46CB16463D72007B57A5 /* EVEManager.h */ = {isa = PBXFileReference; fileEncoding = 4; lastKnownFileType = sourcecode.c.h; path = EVEManager.h; sourceTree = "<group>"; };
		CD5A46CC16463D72007B57A5 /* EVEManager.m */ = {isa = PBXFileReference; fileEncoding = 4; lastKnownFileType = sourcecode.c.objc; path = EVEManager.m; sourceTree = "<group>"; };
		CD5A46CE16463E64007B57A5 /* IndexingController.h */ = {isa = PBXFileReference; fileEncoding = 4; lastKnownFileType = sourcecode.c.h; path = IndexingController.h; sourceTree = "<group>"; };
		CD5A46CF16463E64007B57A5 /* IndexingController.m */ = {isa = PBXFileReference; fileEncoding = 4; lastKnownFileType = sourcecode.c.objc; path = IndexingController.m; sourceTree = "<group>"; };
		CD5A46F316464F7E007B57A5 /* EVEObserver.h */ = {isa = PBXFileReference; fileEncoding = 4; lastKnownFileType = sourcecode.c.h; name = EVEObserver.h; path = Observer/EVEObserver.h; sourceTree = "<group>"; };
		CD5A46F416464F7E007B57A5 /* EVEObserver.m */ = {isa = PBXFileReference; fileEncoding = 4; lastKnownFileType = sourcecode.c.objc; name = EVEObserver.m; path = Observer/EVEObserver.m; sourceTree = "<group>"; };
		CD5A46F616465123007B57A5 /* UIElementClickedController.h */ = {isa = PBXFileReference; fileEncoding = 4; lastKnownFileType = sourcecode.c.h; name = UIElementClickedController.h; path = Conroller/UIElementClickedController.h; sourceTree = "<group>"; };
		CD5A46F716465123007B57A5 /* UIElementClickedController.m */ = {isa = PBXFileReference; fileEncoding = 4; lastKnownFileType = sourcecode.c.objc; name = UIElementClickedController.m; path = Conroller/UIElementClickedController.m; sourceTree = "<group>"; };
		CD5E8E2C16612A7700D81C2E /* ALTER_MENU_BAR_ITEMS.sql */ = {isa = PBXFileReference; fileEncoding = 4; lastKnownFileType = text; name = ALTER_MENU_BAR_ITEMS.sql; path = "Database/SQL Scripte/V1.3.2/ALTER_MENU_BAR_ITEMS.sql"; sourceTree = "<group>"; };
		CD6A928D1658D4DE00239A9E /* INSERT_APPLICATION_BLACKLISTV1_3_1.sql */ = {isa = PBXFileReference; fileEncoding = 4; lastKnownFileType = text; name = INSERT_APPLICATION_BLACKLISTV1_3_1.sql; path = "Database/SQL Scripte/INSERT_APPLICATION_BLACKLISTV1_3_1.sql"; sourceTree = "<group>"; };
		CD6AD38F164BFE9D009FF1B5 /* LicenceWindow.xib */ = {isa = PBXFileReference; fileEncoding = 4; lastKnownFileType = file.xib; name = LicenceWindow.xib; path = GUI/Licence/LicenceWindow.xib; sourceTree = "<group>"; };
		CD6AD393164C047E009FF1B5 /* LicenceWindowController.h */ = {isa = PBXFileReference; fileEncoding = 4; lastKnownFileType = sourcecode.c.h; name = LicenceWindowController.h; path = GUI/Licence/LicenceWindowController.h; sourceTree = "<group>"; };
		CD6AD394164C047E009FF1B5 /* LicenceWindowController.m */ = {isa = PBXFileReference; fileEncoding = 4; lastKnownFileType = sourcecode.c.objc; name = LicenceWindowController.m; path = GUI/Licence/LicenceWindowController.m; sourceTree = "<group>"; };
		CD6AD3BA164C17E9009FF1B5 /* GUIUtilities.h */ = {isa = PBXFileReference; fileEncoding = 4; lastKnownFileType = sourcecode.c.h; path = GUIUtilities.h; sourceTree = "<group>"; };
		CD6AD3BB164C17E9009FF1B5 /* GUIUtilities.m */ = {isa = PBXFileReference; fileEncoding = 4; lastKnownFileType = sourcecode.c.objc; path = GUIUtilities.m; sourceTree = "<group>"; };
		CD6AD3E8164CC0F0009FF1B5 /* Sparkle.framework */ = {isa = PBXFileReference; lastKnownFileType = wrapper.framework; name = Sparkle.framework; path = hotkeyEVE/Frameworks/Sparkle.framework; sourceTree = "<group>"; };
		CD6AD3EE164D6B9C009FF1B5 /* ShortcutsWindowController.h */ = {isa = PBXFileReference; fileEncoding = 4; lastKnownFileType = sourcecode.c.h; name = ShortcutsWindowController.h; path = GUI/ShortcutWindow/ShortcutsWindowController.h; sourceTree = "<group>"; };
		CD6AD3EF164D6B9D009FF1B5 /* ShortcutsWindowController.m */ = {isa = PBXFileReference; fileEncoding = 4; lastKnownFileType = sourcecode.c.objc; name = ShortcutsWindowController.m; path = GUI/ShortcutWindow/ShortcutsWindowController.m; sourceTree = "<group>"; };
		CD6AD3F0164D6B9D009FF1B5 /* ShortcutsWindow.xib */ = {isa = PBXFileReference; fileEncoding = 4; lastKnownFileType = file.xib; name = ShortcutsWindow.xib; path = GUI/ShortcutWindow/ShortcutsWindow.xib; sourceTree = "<group>"; };
		CD6AD3FC164D7BA6009FF1B5 /* ApplicationsTableViewController.h */ = {isa = PBXFileReference; fileEncoding = 4; lastKnownFileType = sourcecode.c.h; name = ApplicationsTableViewController.h; path = GUI/ShortcutWindow/ApplicationsTableViewController.h; sourceTree = "<group>"; };
		CD6AD3FD164D7BA6009FF1B5 /* ApplicationsTableViewController.m */ = {isa = PBXFileReference; fileEncoding = 4; lastKnownFileType = sourcecode.c.objc; name = ApplicationsTableViewController.m; path = GUI/ShortcutWindow/ApplicationsTableViewController.m; sourceTree = "<group>"; };
		CD6AD3FF164D8937009FF1B5 /* GUINotifications.h */ = {isa = PBXFileReference; fileEncoding = 4; lastKnownFileType = sourcecode.c.h; name = GUINotifications.h; path = GUI/GUINotifications/GUINotifications.h; sourceTree = "<group>"; };
		CD6AD400164D8939009FF1B5 /* GUINotifications.m */ = {isa = PBXFileReference; fileEncoding = 4; lastKnownFileType = sourcecode.c.objc; name = GUINotifications.m; path = GUI/GUINotifications/GUINotifications.m; sourceTree = "<group>"; };
		CD71E48C165ED17F00987E09 /* INSERT_APPLICATION_BLACKLISTV1_3_2.sql */ = {isa = PBXFileReference; fileEncoding = 4; lastKnownFileType = text; name = INSERT_APPLICATION_BLACKLISTV1_3_2.sql; path = "Database/SQL Scripte/V1.3.2/INSERT_APPLICATION_BLACKLISTV1_3_2.sql"; sourceTree = "<group>"; };
		CD71E4A0165EE85A00987E09 /* DDHotKeyAppDelegate.h */ = {isa = PBXFileReference; fileEncoding = 4; lastKnownFileType = sourcecode.c.h; name = DDHotKeyAppDelegate.h; path = DDHotKey/DDHotKeyAppDelegate.h; sourceTree = SOURCE_ROOT; };
		CD71E4A1165EE85A00987E09 /* DDHotKeyAppDelegate.m */ = {isa = PBXFileReference; fileEncoding = 4; lastKnownFileType = sourcecode.c.objc; name = DDHotKeyAppDelegate.m; path = DDHotKey/DDHotKeyAppDelegate.m; sourceTree = SOURCE_ROOT; };
		CD71E4A2165EE85A00987E09 /* DDHotKeyCenter.h */ = {isa = PBXFileReference; fileEncoding = 4; lastKnownFileType = sourcecode.c.h; name = DDHotKeyCenter.h; path = DDHotKey/DDHotKeyCenter.h; sourceTree = SOURCE_ROOT; };
		CD71E4A3165EE85A00987E09 /* DDHotKeyCenter.m */ = {isa = PBXFileReference; fileEncoding = 4; lastKnownFileType = sourcecode.c.objc; name = DDHotKeyCenter.m; path = DDHotKey/DDHotKeyCenter.m; sourceTree = SOURCE_ROOT; };
		CD71E4A7165EEB8C00987E09 /* Carbon.framework */ = {isa = PBXFileReference; lastKnownFileType = wrapper.framework; name = Carbon.framework; path = System/Library/Frameworks/Carbon.framework; sourceTree = SDKROOT; };
		CD71E4A9165FC88A00987E09 /* GlobalHotkeyController.h */ = {isa = PBXFileReference; fileEncoding = 4; lastKnownFileType = sourcecode.c.h; name = GlobalHotkeyController.h; path = Conroller/GlobalHotkeyController.h; sourceTree = "<group>"; };
		CD71E4AA165FC88A00987E09 /* GlobalHotkeyController.m */ = {isa = PBXFileReference; fileEncoding = 4; lastKnownFileType = sourcecode.c.objc; name = GlobalHotkeyController.m; path = Conroller/GlobalHotkeyController.m; sourceTree = "<group>"; };
		CD80E74E1645393300A9C7D8 /* EVE.app */ = {isa = PBXFileReference; explicitFileType = wrapper.application; includeInIndex = 0; path = EVE.app; sourceTree = BUILT_PRODUCTS_DIR; };
		CD80E7521645393300A9C7D8 /* Cocoa.framework */ = {isa = PBXFileReference; lastKnownFileType = wrapper.framework; name = Cocoa.framework; path = System/Library/Frameworks/Cocoa.framework; sourceTree = SDKROOT; };
		CD80E7551645393300A9C7D8 /* AppKit.framework */ = {isa = PBXFileReference; lastKnownFileType = wrapper.framework; name = AppKit.framework; path = System/Library/Frameworks/AppKit.framework; sourceTree = SDKROOT; };
		CD80E7561645393300A9C7D8 /* CoreData.framework */ = {isa = PBXFileReference; lastKnownFileType = wrapper.framework; name = CoreData.framework; path = System/Library/Frameworks/CoreData.framework; sourceTree = SDKROOT; };
		CD80E7571645393300A9C7D8 /* Foundation.framework */ = {isa = PBXFileReference; lastKnownFileType = wrapper.framework; name = Foundation.framework; path = System/Library/Frameworks/Foundation.framework; sourceTree = SDKROOT; };
		CD80E75A1645393400A9C7D8 /* hotkeyEVE-Info.plist */ = {isa = PBXFileReference; lastKnownFileType = text.plist.xml; path = "hotkeyEVE-Info.plist"; sourceTree = "<group>"; };
		CD80E75C1645393400A9C7D8 /* en */ = {isa = PBXFileReference; lastKnownFileType = text.plist.strings; name = en; path = en.lproj/InfoPlist.strings; sourceTree = "<group>"; };
		CD80E75E1645393400A9C7D8 /* main.m */ = {isa = PBXFileReference; lastKnownFileType = sourcecode.c.objc; path = main.m; sourceTree = "<group>"; };
		CD80E7601645393400A9C7D8 /* hotkeyEVE-Prefix.pch */ = {isa = PBXFileReference; lastKnownFileType = sourcecode.c.h; path = "hotkeyEVE-Prefix.pch"; sourceTree = "<group>"; };
		CD80E7621645393400A9C7D8 /* en */ = {isa = PBXFileReference; lastKnownFileType = text.rtf; name = en; path = en.lproj/Credits.rtf; sourceTree = "<group>"; };
		CD80E7641645393400A9C7D8 /* AppDelegate.h */ = {isa = PBXFileReference; lastKnownFileType = sourcecode.c.h; path = AppDelegate.h; sourceTree = "<group>"; };
		CD80E7651645393400A9C7D8 /* AppDelegate.m */ = {isa = PBXFileReference; lastKnownFileType = sourcecode.c.objc; path = AppDelegate.m; sourceTree = "<group>"; };
		CD80E7681645393400A9C7D8 /* en */ = {isa = PBXFileReference; lastKnownFileType = file.xib; name = en; path = en.lproj/MainMenu.xib; sourceTree = "<group>"; };
		CD80E76F1645393400A9C7D8 /* hotkeyEVETests.octest */ = {isa = PBXFileReference; explicitFileType = wrapper.cfbundle; includeInIndex = 0; path = hotkeyEVETests.octest; sourceTree = BUILT_PRODUCTS_DIR; };
		CD80E7701645393400A9C7D8 /* SenTestingKit.framework */ = {isa = PBXFileReference; lastKnownFileType = wrapper.framework; name = SenTestingKit.framework; path = Library/Frameworks/SenTestingKit.framework; sourceTree = DEVELOPER_DIR; };
		CD80E7771645393400A9C7D8 /* hotkeyEVETests-Info.plist */ = {isa = PBXFileReference; lastKnownFileType = text.plist.xml; path = "hotkeyEVETests-Info.plist"; sourceTree = "<group>"; };
		CD80E7791645393400A9C7D8 /* en */ = {isa = PBXFileReference; lastKnownFileType = text.plist.strings; name = en; path = en.lproj/InfoPlist.strings; sourceTree = "<group>"; };
		CD80E77B1645393400A9C7D8 /* hotkeyEVETests.h */ = {isa = PBXFileReference; lastKnownFileType = sourcecode.c.h; path = hotkeyEVETests.h; sourceTree = "<group>"; };
		CD80E77C1645393400A9C7D8 /* hotkeyEVETests.m */ = {isa = PBXFileReference; lastKnownFileType = sourcecode.c.objc; path = hotkeyEVETests.m; sourceTree = "<group>"; };
		CD80E78B16453A0500A9C7D8 /* MainMenuController.h */ = {isa = PBXFileReference; fileEncoding = 4; lastKnownFileType = sourcecode.c.h; name = MainMenuController.h; path = GUI/MainMenuController.h; sourceTree = "<group>"; };
		CD80E78C16453A0500A9C7D8 /* MainMenuController.m */ = {isa = PBXFileReference; fileEncoding = 4; lastKnownFileType = sourcecode.c.objc; name = MainMenuController.m; path = GUI/MainMenuController.m; sourceTree = "<group>"; };
		CD80E78E1645406B00A9C7D8 /* EVE_ICON_STATUS_BAR_ACTIVE.icns */ = {isa = PBXFileReference; lastKnownFileType = image.icns; path = EVE_ICON_STATUS_BAR_ACTIVE.icns; sourceTree = "<group>"; };
		CD836D581652C0A5008A7876 /* Credits.html */ = {isa = PBXFileReference; fileEncoding = 4; lastKnownFileType = text.html; path = Credits.html; sourceTree = "<group>"; };
		CD84B7881658CB5500DF227B /* MigrationsV1_3_1.h */ = {isa = PBXFileReference; fileEncoding = 4; lastKnownFileType = sourcecode.c.h; name = MigrationsV1_3_1.h; path = Database/Migrations/MigrationsV1_3_1.h; sourceTree = "<group>"; };
		CD84B7891658CB5500DF227B /* MigrationsV1_3_1.m */ = {isa = PBXFileReference; fileEncoding = 4; lastKnownFileType = sourcecode.c.objc; name = MigrationsV1_3_1.m; path = Database/Migrations/MigrationsV1_3_1.m; sourceTree = "<group>"; };
		CD84B78B1658CC7200DF227B /* CREATE_TABLEV1_3_1.sql */ = {isa = PBXFileReference; fileEncoding = 4; lastKnownFileType = text; name = CREATE_TABLEV1_3_1.sql; path = "Database/SQL Scripte/CREATE_TABLEV1_3_1.sql"; sourceTree = "<group>"; };
		CD97CE6916466D7B00406F1F /* EVEMessages.h */ = {isa = PBXFileReference; fileEncoding = 4; lastKnownFileType = sourcecode.c.h; name = EVEMessages.h; path = GUI/EVEMessages.h; sourceTree = "<group>"; };
		CD97CE6A16466D7B00406F1F /* EVEMessages.m */ = {isa = PBXFileReference; fileEncoding = 4; lastKnownFileType = sourcecode.c.objc; name = EVEMessages.m; path = GUI/EVEMessages.m; sourceTree = "<group>"; };
		CD97CE6C164670BD00406F1F /* HandleClickedUIElement.h */ = {isa = PBXFileReference; fileEncoding = 4; lastKnownFileType = sourcecode.c.h; path = HandleClickedUIElement.h; sourceTree = "<group>"; };
		CD97CE6D164670BE00406F1F /* HandleClickedUIElement.m */ = {isa = PBXFileReference; fileEncoding = 4; lastKnownFileType = sourcecode.c.objc; path = HandleClickedUIElement.m; sourceTree = "<group>"; };
		CD97CE8E16467AB000406F1F /* GrowlController.h */ = {isa = PBXFileReference; fileEncoding = 4; lastKnownFileType = sourcecode.c.h; path = GrowlController.h; sourceTree = "<group>"; };
		CD97CE8F16467AB000406F1F /* GrowlController.m */ = {isa = PBXFileReference; fileEncoding = 4; lastKnownFileType = sourcecode.c.objc; path = GrowlController.m; sourceTree = "<group>"; };
		CD97CE94164683EA00406F1F /* ApplicationsTableModel.h */ = {isa = PBXFileReference; fileEncoding = 4; lastKnownFileType = sourcecode.c.h; name = ApplicationsTableModel.h; path = Database/Models/ApplicationsTableModel.h; sourceTree = "<group>"; };
		CD97CE95164683EA00406F1F /* ApplicationsTableModel.m */ = {isa = PBXFileReference; fileEncoding = 4; lastKnownFileType = sourcecode.c.objc; name = ApplicationsTableModel.m; path = Database/Models/ApplicationsTableModel.m; sourceTree = "<group>"; };
		CD97CE97164685BA00406F1F /* UserDataTableModel.h */ = {isa = PBXFileReference; fileEncoding = 4; lastKnownFileType = sourcecode.c.h; name = UserDataTableModel.h; path = Database/Models/UserDataTableModel.h; sourceTree = "<group>"; };
		CD97CE98164685BA00406F1F /* UserDataTableModel.m */ = {isa = PBXFileReference; fileEncoding = 4; lastKnownFileType = sourcecode.c.objc; name = UserDataTableModel.m; path = Database/Models/UserDataTableModel.m; sourceTree = "<group>"; };
		CD97CE9D16468A5E00406F1F /* DisabledShortcutsModel.h */ = {isa = PBXFileReference; fileEncoding = 4; lastKnownFileType = sourcecode.c.h; name = DisabledShortcutsModel.h; path = Database/Models/DisabledShortcutsModel.h; sourceTree = "<group>"; };
		CD97CE9E16468A5E00406F1F /* DisabledShortcutsModel.m */ = {isa = PBXFileReference; fileEncoding = 4; lastKnownFileType = sourcecode.c.objc; name = DisabledShortcutsModel.m; path = Database/Models/DisabledShortcutsModel.m; sourceTree = "<group>"; };
		CD97CEA016468C5100406F1F /* ShortcutTableModel.h */ = {isa = PBXFileReference; fileEncoding = 4; lastKnownFileType = sourcecode.c.h; path = ShortcutTableModel.h; sourceTree = "<group>"; };
		CD97CEA116468C5200406F1F /* ShortcutTableModel.m */ = {isa = PBXFileReference; fileEncoding = 4; lastKnownFileType = sourcecode.c.objc; path = ShortcutTableModel.m; sourceTree = "<group>"; };
		CDA7AD75164D9F4C000907A5 /* ShortcutsTableViewConroller.h */ = {isa = PBXFileReference; fileEncoding = 4; lastKnownFileType = sourcecode.c.h; name = ShortcutsTableViewConroller.h; path = GUI/ShortcutWindow/ShortcutsTableViewConroller.h; sourceTree = "<group>"; };
		CDA7AD76164D9F4D000907A5 /* ShortcutsTableViewConroller.m */ = {isa = PBXFileReference; fileEncoding = 4; lastKnownFileType = sourcecode.c.objc; name = ShortcutsTableViewConroller.m; path = GUI/ShortcutWindow/ShortcutsTableViewConroller.m; sourceTree = "<group>"; };
		CDB3D6601646BAE000285306 /* AppLaunchedController.h */ = {isa = PBXFileReference; fileEncoding = 4; lastKnownFileType = sourcecode.c.h; name = AppLaunchedController.h; path = Conroller/AppLaunchedController.h; sourceTree = "<group>"; };
		CDB3D6611646BAE000285306 /* AppLaunchedController.m */ = {isa = PBXFileReference; fileEncoding = 4; lastKnownFileType = sourcecode.c.objc; name = AppLaunchedController.m; path = Conroller/AppLaunchedController.m; sourceTree = "<group>"; };
		CDC77C1D165C2DAF00939D99 /* MigrationsV1_3_2.h */ = {isa = PBXFileReference; fileEncoding = 4; lastKnownFileType = sourcecode.c.h; name = MigrationsV1_3_2.h; path = Database/Migrations/MigrationsV1_3_2.h; sourceTree = "<group>"; };
		CDC77C1E165C2DAF00939D99 /* MigrationsV1_3_2.m */ = {isa = PBXFileReference; fileEncoding = 4; lastKnownFileType = sourcecode.c.objc; name = MigrationsV1_3_2.m; path = Database/Migrations/MigrationsV1_3_2.m; sourceTree = "<group>"; };
		CDC77C20165C2DEF00939D99 /* INSERT_GUI_ELEMENTS_V1_3_2.sql */ = {isa = PBXFileReference; fileEncoding = 4; lastKnownFileType = text; name = INSERT_GUI_ELEMENTS_V1_3_2.sql; path = "Database/SQL Scripte/V1.3.2/INSERT_GUI_ELEMENTS_V1_3_2.sql"; sourceTree = "<group>"; };
		CDC77C21165C2DEF00939D99 /* INSERT_GUI_SUPPORT_V1_3_2.sql */ = {isa = PBXFileReference; fileEncoding = 4; lastKnownFileType = text; name = INSERT_GUI_SUPPORT_V1_3_2.sql; path = "Database/SQL Scripte/V1.3.2/INSERT_GUI_SUPPORT_V1_3_2.sql"; sourceTree = "<group>"; };
		CDE54D9816626FF8009E4C57 /* ShareService.h */ = {isa = PBXFileReference; fileEncoding = 4; lastKnownFileType = sourcecode.c.h; path = ShareService.h; sourceTree = "<group>"; };
		CDE54D9916626FF8009E4C57 /* ShareService.m */ = {isa = PBXFileReference; fileEncoding = 4; lastKnownFileType = sourcecode.c.objc; path = ShareService.m; sourceTree = "<group>"; };
		CDE54D9C16627556009E4C57 /* ShareServiceTests.m */ = {isa = PBXFileReference; fileEncoding = 4; lastKnownFileType = sourcecode.c.objc; path = ShareServiceTests.m; sourceTree = "<group>"; };
		CDEE15301648127900EDCDF4 /* EVE_ICON_STATUS_BAR_NOT_SUPPORTED.icns */ = {isa = PBXFileReference; lastKnownFileType = image.icns; path = EVE_ICON_STATUS_BAR_NOT_SUPPORTED.icns; sourceTree = "<group>"; };
		CDEE15321648128C00EDCDF4 /* GUISupportTableModel.h */ = {isa = PBXFileReference; fileEncoding = 4; lastKnownFileType = sourcecode.c.h; name = GUISupportTableModel.h; path = Database/Models/GUISupportTableModel.h; sourceTree = "<group>"; };
		CDEE15331648128C00EDCDF4 /* GUISupportTableModel.m */ = {isa = PBXFileReference; fileEncoding = 4; lastKnownFileType = sourcecode.c.objc; name = GUISupportTableModel.m; path = Database/Models/GUISupportTableModel.m; sourceTree = "<group>"; };
		CDEE1535164812F500EDCDF4 /* DisplayedShortcutsModel.h */ = {isa = PBXFileReference; fileEncoding = 4; lastKnownFileType = sourcecode.c.h; name = DisplayedShortcutsModel.h; path = Database/Models/DisplayedShortcutsModel.h; sourceTree = "<group>"; };
		CDEE1536164812F500EDCDF4 /* DisplayedShortcutsModel.m */ = {isa = PBXFileReference; fileEncoding = 4; lastKnownFileType = sourcecode.c.objc; name = DisplayedShortcutsModel.m; path = Database/Models/DisplayedShortcutsModel.m; sourceTree = "<group>"; };
		CDEE1550164A93FB00EDCDF4 /* EVEUtilities.h */ = {isa = PBXFileReference; fileEncoding = 4; lastKnownFileType = sourcecode.c.h; name = EVEUtilities.h; path = Utilities/EVEUtilities.h; sourceTree = "<group>"; };
		CDEE1551164A93FB00EDCDF4 /* EVEUtilities.m */ = {isa = PBXFileReference; fileEncoding = 4; lastKnownFileType = sourcecode.c.objc; name = EVEUtilities.m; path = Utilities/EVEUtilities.m; sourceTree = "<group>"; };
		CDEE1552164A93FB00EDCDF4 /* NSFileManager+DirectoryLocations.h */ = {isa = PBXFileReference; fileEncoding = 4; lastKnownFileType = sourcecode.c.h; name = "NSFileManager+DirectoryLocations.h"; path = "Utilities/NSFileManager+DirectoryLocations.h"; sourceTree = "<group>"; };
		CDEE1553164A93FB00EDCDF4 /* NSFileManager+DirectoryLocations.m */ = {isa = PBXFileReference; fileEncoding = 4; lastKnownFileType = sourcecode.c.objc; name = "NSFileManager+DirectoryLocations.m"; path = "Utilities/NSFileManager+DirectoryLocations.m"; sourceTree = "<group>"; };
		CDEE1554164A93FB00EDCDF4 /* Queue.h */ = {isa = PBXFileReference; fileEncoding = 4; lastKnownFileType = sourcecode.c.h; name = Queue.h; path = Utilities/Queue.h; sourceTree = "<group>"; };
		CDEE1555164A93FB00EDCDF4 /* Queue.m */ = {isa = PBXFileReference; fileEncoding = 4; lastKnownFileType = sourcecode.c.objc; name = Queue.m; path = Utilities/Queue.m; sourceTree = "<group>"; };
		CDEE1556164A93FB00EDCDF4 /* StringUtilities.h */ = {isa = PBXFileReference; fileEncoding = 4; lastKnownFileType = sourcecode.c.h; name = StringUtilities.h; path = Utilities/StringUtilities.h; sourceTree = "<group>"; };
		CDEE1557164A93FB00EDCDF4 /* StringUtilities.m */ = {isa = PBXFileReference; fileEncoding = 4; lastKnownFileType = sourcecode.c.objc; name = StringUtilities.m; path = Utilities/StringUtilities.m; sourceTree = "<group>"; };
		CDEE155C164A9D3200EDCDF4 /* INSERT_GUI_SUPPORT_V1_0.sql */ = {isa = PBXFileReference; fileEncoding = 4; lastKnownFileType = text; name = INSERT_GUI_SUPPORT_V1_0.sql; path = "Database/SQL Scripte/INSERT_GUI_SUPPORT_V1_0.sql"; sourceTree = "<group>"; };
		CDEE155E164AB0D100EDCDF4 /* GUIElementsTable.h */ = {isa = PBXFileReference; fileEncoding = 4; lastKnownFileType = sourcecode.c.h; name = GUIElementsTable.h; path = Database/Models/GUIElementsTable.h; sourceTree = "<group>"; };
		CDEE155F164AB0D200EDCDF4 /* GUIElementsTable.m */ = {isa = PBXFileReference; fileEncoding = 4; lastKnownFileType = sourcecode.c.objc; name = GUIElementsTable.m; path = Database/Models/GUIElementsTable.m; sourceTree = "<group>"; };
		CDEE156E164AE38A00EDCDF4 /* INSERT_GUI_ELEMENTS_V1_0.sql */ = {isa = PBXFileReference; fileEncoding = 4; lastKnownFileType = text; name = INSERT_GUI_ELEMENTS_V1_0.sql; path = "Database/SQL Scripte/INSERT_GUI_ELEMENTS_V1_0.sql"; sourceTree = "<group>"; };
		CDEE1571164B03FF00EDCDF4 /* Licence.h */ = {isa = PBXFileReference; fileEncoding = 4; lastKnownFileType = sourcecode.c.h; name = Licence.h; path = Licencing/Licence.h; sourceTree = "<group>"; };
		CDEE1572164B03FF00EDCDF4 /* Licence.m */ = {isa = PBXFileReference; fileEncoding = 4; lastKnownFileType = sourcecode.c.objc; name = Licence.m; path = Licencing/Licence.m; sourceTree = "<group>"; };
		CDEE1574164B04F000EDCDF4 /* NSString+Hashes.h */ = {isa = PBXFileReference; fileEncoding = 4; lastKnownFileType = sourcecode.c.h; name = "NSString+Hashes.h"; path = "Utilities/NSString+Hashes.h"; sourceTree = "<group>"; };
		CDEE1575164B04F000EDCDF4 /* NSString+Hashes.m */ = {isa = PBXFileReference; fileEncoding = 4; lastKnownFileType = sourcecode.c.objc; name = "NSString+Hashes.m"; path = "Utilities/NSString+Hashes.m"; sourceTree = "<group>"; };
/* End PBXFileReference section */

/* Begin PBXFrameworksBuildPhase section */
		CD80E74B1645393300A9C7D8 /* Frameworks */ = {
			isa = PBXFrameworksBuildPhase;
			buildActionMask = 2147483647;
			files = (
				CDFF8CDB164B72EF00A5EA5A /* Database.dylib in Frameworks */,
				CDFF8CDC164B72EF00A5EA5A /* UIElements.dylib in Frameworks */,
				CD57865316465EDE00CC508B /* Growl.framework in Frameworks */,
				CD80E7531645393300A9C7D8 /* Cocoa.framework in Frameworks */,
				CD6AD3E9164CC0F0009FF1B5 /* Sparkle.framework in Frameworks */,
				CD71E4A8165EEB8C00987E09 /* Carbon.framework in Frameworks */,
			);
			runOnlyForDeploymentPostprocessing = 0;
		};
		CD80E76B1645393400A9C7D8 /* Frameworks */ = {
			isa = PBXFrameworksBuildPhase;
			buildActionMask = 2147483647;
			files = (
				CD80E7711645393400A9C7D8 /* SenTestingKit.framework in Frameworks */,
				CD80E7721645393400A9C7D8 /* Cocoa.framework in Frameworks */,
				CD602C77164F896A00CF32A4 /* Growl.framework in Frameworks */,
			);
			runOnlyForDeploymentPostprocessing = 0;
		};
/* End PBXFrameworksBuildPhase section */

/* Begin PBXGroup section */
		CD59010A1663BE44000613F7 /* V1_3_3 */ = {
			isa = PBXGroup;
			children = (
				CD52DC921666918B0006CF06 /* ALTER_GUI_ELEMENTS_V1_3_3.sql */,
				CD52DC841665527D0006CF06 /* INSERT_GUI_SUPPORT_V1_3_3.sql */,
				CD59010E1663BE61000613F7 /* INSERT_GUI_ELEMENTS_V1_3_3.sql */,
				CD59010B1663BE56000613F7 /* MigrationsV1_3_3.h */,
				CD59010C1663BE56000613F7 /* MigrationsV1_3_3.m */,
			);
			name = V1_3_3;
			sourceTree = "<group>";
		};
		CD5A4621164550F6007B57A5 /* Subprojects */ = {
			isa = PBXGroup;
			children = (
				CD5A462F16455118007B57A5 /* Database.xcodeproj */,
				CD5A46231645510F007B57A5 /* UIElements.xcodeproj */,
			);
			name = Subprojects;
			sourceTree = "<group>";
		};
		CD5A46241645510F007B57A5 /* Products */ = {
			isa = PBXGroup;
			children = (
				CD5A462C1645510F007B57A5 /* UIElements.dylib */,
				CD5A462E1645510F007B57A5 /* UIElementsTests.octest */,
			);
			name = Products;
			sourceTree = "<group>";
		};
		CD5A463016455118007B57A5 /* Products */ = {
			isa = PBXGroup;
			children = (
				CD5A463816455119007B57A5 /* Database.dylib */,
				CD5A463A16455119007B57A5 /* DatabaseTests.octest */,
			);
			name = Products;
			sourceTree = "<group>";
		};
		CD5A464416455361007B57A5 /* Database */ = {
			isa = PBXGroup;
			children = (
				CD97CE6F164671E200406F1F /* DatabaseModel */,
				CD5A464B16455643007B57A5 /* Migrations */,
				CD5A464516455398007B57A5 /* DatabaseManager.h */,
				CD5A464616455398007B57A5 /* DatabaseManager.m */,
				CD5A464C1645579C007B57A5 /* EVEDatabase.h */,
				CD5A464D1645579C007B57A5 /* EVEDatabase.m */,
			);
			name = Database;
			sourceTree = "<group>";
		};
		CD5A464B16455643007B57A5 /* Migrations */ = {
			isa = PBXGroup;
			children = (
				CD59010A1663BE44000613F7 /* V1_3_3 */,
				CDC77C1C165C2D8E00939D99 /* V1_3_2 */,
				CD84B7871658CAC600DF227B /* V1_3_1 */,
				CDEE156D164AE36100EDCDF4 /* V1_3_0 */,
			);
			name = Migrations;
			sourceTree = "<group>";
		};
		CD5A464F164558FB007B57A5 /* Lumberjack */ = {
			isa = PBXGroup;
			children = (
				CD5A4650164558FB007B57A5 /* DDAbstractDatabaseLogger.h */,
				CD5A4651164558FB007B57A5 /* DDAbstractDatabaseLogger.m */,
				CD5A4652164558FB007B57A5 /* DDASLLogger.h */,
				CD5A4653164558FB007B57A5 /* DDASLLogger.m */,
				CD5A4654164558FB007B57A5 /* DDFileLogger.h */,
				CD5A4655164558FB007B57A5 /* DDFileLogger.m */,
				CD5A4656164558FB007B57A5 /* DDLog.h */,
				CD5A4657164558FB007B57A5 /* DDLog.m */,
				CD5A4658164558FB007B57A5 /* DDTTYLogger.h */,
				CD5A4659164558FB007B57A5 /* DDTTYLogger.m */,
				CD5A465A164558FB007B57A5 /* Extensions */,
			);
			name = Lumberjack;
			path = hotkeyEVE/Frameworks/Lumberjack;
			sourceTree = "<group>";
		};
		CD5A465A164558FB007B57A5 /* Extensions */ = {
			isa = PBXGroup;
			children = (
				CD5A465B164558FB007B57A5 /* ContextFilterLogFormatter.h */,
				CD5A465C164558FB007B57A5 /* ContextFilterLogFormatter.m */,
				CD5A465D164558FB007B57A5 /* DispatchQueueLogFormatter.h */,
				CD5A465E164558FB007B57A5 /* DispatchQueueLogFormatter.m */,
				CD5A465F164558FB007B57A5 /* README.txt */,
			);
			path = Extensions;
			sourceTree = "<group>";
		};
		CD5A469316455F86007B57A5 /* Indexing */ = {
			isa = PBXGroup;
			children = (
				CD5A469016455F7D007B57A5 /* MenuBarIndexingThread.h */,
				CD5A469116455F7D007B57A5 /* MenuBarIndexingThread.m */,
			);
			name = Indexing;
			sourceTree = "<group>";
		};
		CD5A46CA16463CBF007B57A5 /* Utilities */ = {
			isa = PBXGroup;
			children = (
				CDEE1556164A93FB00EDCDF4 /* StringUtilities.h */,
				CDEE1557164A93FB00EDCDF4 /* StringUtilities.m */,
				CDEE1574164B04F000EDCDF4 /* NSString+Hashes.h */,
				CDEE1575164B04F000EDCDF4 /* NSString+Hashes.m */,
				CDEE1550164A93FB00EDCDF4 /* EVEUtilities.h */,
				CDEE1551164A93FB00EDCDF4 /* EVEUtilities.m */,
				CDEE1552164A93FB00EDCDF4 /* NSFileManager+DirectoryLocations.h */,
				CDEE1553164A93FB00EDCDF4 /* NSFileManager+DirectoryLocations.m */,
				CDEE1554164A93FB00EDCDF4 /* Queue.h */,
				CDEE1555164A93FB00EDCDF4 /* Queue.m */,
				CD6AD3BA164C17E9009FF1B5 /* GUIUtilities.h */,
				CD6AD3BB164C17E9009FF1B5 /* GUIUtilities.m */,
			);
			name = Utilities;
			sourceTree = "<group>";
		};
		CD5A46F216464F26007B57A5 /* Observer */ = {
			isa = PBXGroup;
			children = (
				CD5A46F316464F7E007B57A5 /* EVEObserver.h */,
				CD5A46F416464F7E007B57A5 /* EVEObserver.m */,
			);
			name = Observer;
			sourceTree = "<group>";
		};
		CD5A46F916465128007B57A5 /* Controller */ = {
			isa = PBXGroup;
			children = (
				CD5A46CE16463E64007B57A5 /* IndexingController.h */,
				CD5A46CF16463E64007B57A5 /* IndexingController.m */,
				CD5A46F616465123007B57A5 /* UIElementClickedController.h */,
				CD5A46F716465123007B57A5 /* UIElementClickedController.m */,
				CD97CE8E16467AB000406F1F /* GrowlController.h */,
				CD97CE8F16467AB000406F1F /* GrowlController.m */,
				CDB3D6601646BAE000285306 /* AppLaunchedController.h */,
				CDB3D6611646BAE000285306 /* AppLaunchedController.m */,
				CD018EFE1660A4B3008A1C5A /* AppChangedController.h */,
				CD018EFF1660A4B3008A1C5A /* AppChangedController.m */,
				CD71E4A9165FC88A00987E09 /* GlobalHotkeyController.h */,
				CD71E4AA165FC88A00987E09 /* GlobalHotkeyController.m */,
			);
			name = Controller;
			sourceTree = "<group>";
		};
		CD6AD38A164BFE91009FF1B5 /* Licence */ = {
			isa = PBXGroup;
			children = (
				CD6AD393164C047E009FF1B5 /* LicenceWindowController.h */,
				CD6AD394164C047E009FF1B5 /* LicenceWindowController.m */,
				CD6AD38F164BFE9D009FF1B5 /* LicenceWindow.xib */,
			);
			name = Licence;
			sourceTree = "<group>";
		};
		CD6AD3F3164D6BAA009FF1B5 /* ShortcutWindow */ = {
			isa = PBXGroup;
			children = (
				CD6AD3FC164D7BA6009FF1B5 /* ApplicationsTableViewController.h */,
				CD6AD3FD164D7BA6009FF1B5 /* ApplicationsTableViewController.m */,
				CDA7AD75164D9F4C000907A5 /* ShortcutsTableViewConroller.h */,
				CDA7AD76164D9F4D000907A5 /* ShortcutsTableViewConroller.m */,
				CD6AD3EE164D6B9C009FF1B5 /* ShortcutsWindowController.h */,
				CD6AD3EF164D6B9D009FF1B5 /* ShortcutsWindowController.m */,
				CD6AD3F0164D6B9D009FF1B5 /* ShortcutsWindow.xib */,
			);
			name = ShortcutWindow;
			sourceTree = "<group>";
		};
		CD6AD402164D8948009FF1B5 /* GUINotifications */ = {
			isa = PBXGroup;
			children = (
				CD6AD3FF164D8937009FF1B5 /* GUINotifications.h */,
				CD6AD400164D8939009FF1B5 /* GUINotifications.m */,
			);
			name = GUINotifications;
			sourceTree = "<group>";
		};
		CD71E49F165EE83C00987E09 /* DDHotkey */ = {
			isa = PBXGroup;
			children = (
				CD71E4A0165EE85A00987E09 /* DDHotKeyAppDelegate.h */,
				CD71E4A1165EE85A00987E09 /* DDHotKeyAppDelegate.m */,
				CD71E4A2165EE85A00987E09 /* DDHotKeyCenter.h */,
				CD71E4A3165EE85A00987E09 /* DDHotKeyCenter.m */,
			);
			name = DDHotkey;
			path = hotkeyEVE;
			sourceTree = "<group>";
		};
		CD80E7431645393300A9C7D8 = {
			isa = PBXGroup;
			children = (
				CD71E4A7165EEB8C00987E09 /* Carbon.framework */,
				CD80E7581645393300A9C7D8 /* hotkeyEVE */,
				CD80E7751645393400A9C7D8 /* hotkeyEVETests */,
				CD80E7511645393300A9C7D8 /* Frameworks */,
				CD80E74F1645393300A9C7D8 /* Products */,
			);
			sourceTree = "<group>";
		};
		CD80E74F1645393300A9C7D8 /* Products */ = {
			isa = PBXGroup;
			children = (
				CD80E74E1645393300A9C7D8 /* EVE.app */,
				CD80E76F1645393400A9C7D8 /* hotkeyEVETests.octest */,
			);
			name = Products;
			sourceTree = "<group>";
		};
		CD80E7511645393300A9C7D8 /* Frameworks */ = {
			isa = PBXGroup;
			children = (
				CD71E49F165EE83C00987E09 /* DDHotkey */,
				CD6AD3E8164CC0F0009FF1B5 /* Sparkle.framework */,
				CD57865116465E2600CC508B /* Growl.framework */,
				CD5A464F164558FB007B57A5 /* Lumberjack */,
				CD80E7521645393300A9C7D8 /* Cocoa.framework */,
				CD80E7701645393400A9C7D8 /* SenTestingKit.framework */,
				CD80E7541645393300A9C7D8 /* Other Frameworks */,
			);
			name = Frameworks;
			sourceTree = "<group>";
		};
		CD80E7541645393300A9C7D8 /* Other Frameworks */ = {
			isa = PBXGroup;
			children = (
				CD80E7551645393300A9C7D8 /* AppKit.framework */,
				CD80E7561645393300A9C7D8 /* CoreData.framework */,
				CD80E7571645393300A9C7D8 /* Foundation.framework */,
			);
			name = "Other Frameworks";
			sourceTree = "<group>";
		};
		CD80E7581645393300A9C7D8 /* hotkeyEVE */ = {
			isa = PBXGroup;
			children = (
				CDE54D9716626FE6009E4C57 /* Social */,
				CDEE1570164B03EF00EDCDF4 /* Licencing */,
				CD5A46F916465128007B57A5 /* Controller */,
				CD5A46F216464F26007B57A5 /* Observer */,
				CD5A46CA16463CBF007B57A5 /* Utilities */,
				CD5A469316455F86007B57A5 /* Indexing */,
				CD80E78A164539A900A9C7D8 /* GUI */,
				CD5A464416455361007B57A5 /* Database */,
				CD5A46CB16463D72007B57A5 /* EVEManager.h */,
				CD5A46CC16463D72007B57A5 /* EVEManager.m */,
				CD80E7641645393400A9C7D8 /* AppDelegate.h */,
				CD80E7651645393400A9C7D8 /* AppDelegate.m */,
				CD97CE6C164670BD00406F1F /* HandleClickedUIElement.h */,
				CD97CE6D164670BE00406F1F /* HandleClickedUIElement.m */,
				CD5A4621164550F6007B57A5 /* Subprojects */,
				CD80E7591645393400A9C7D8 /* Supporting Files */,
			);
			path = hotkeyEVE;
			sourceTree = "<group>";
		};
		CD80E7591645393400A9C7D8 /* Supporting Files */ = {
			isa = PBXGroup;
			children = (
				CD836D581652C0A5008A7876 /* Credits.html */,
				CD57864B16465D5800CC508B /* Growl Registration Ticket.growlRegDict */,
				CD5786541646611200CC508B /* EVE_ICON.icns */,
				CD80E78E1645406B00A9C7D8 /* EVE_ICON_STATUS_BAR_ACTIVE.icns */,
				CDEE15301648127900EDCDF4 /* EVE_ICON_STATUS_BAR_NOT_SUPPORTED.icns */,
				CD80E75A1645393400A9C7D8 /* hotkeyEVE-Info.plist */,
				CD80E75B1645393400A9C7D8 /* InfoPlist.strings */,
				CD80E75E1645393400A9C7D8 /* main.m */,
				CD80E7601645393400A9C7D8 /* hotkeyEVE-Prefix.pch */,
				CD80E7611645393400A9C7D8 /* Credits.rtf */,
			);
			name = "Supporting Files";
			sourceTree = "<group>";
		};
		CD80E7751645393400A9C7D8 /* hotkeyEVETests */ = {
			isa = PBXGroup;
			children = (
				CDE54D9C16627556009E4C57 /* ShareServiceTests.m */,
				CD80E77B1645393400A9C7D8 /* hotkeyEVETests.h */,
				CD80E77C1645393400A9C7D8 /* hotkeyEVETests.m */,
				CD80E7761645393400A9C7D8 /* Supporting Files */,
			);
			path = hotkeyEVETests;
			sourceTree = "<group>";
		};
		CD80E7761645393400A9C7D8 /* Supporting Files */ = {
			isa = PBXGroup;
			children = (
				CD80E7771645393400A9C7D8 /* hotkeyEVETests-Info.plist */,
				CD80E7781645393400A9C7D8 /* InfoPlist.strings */,
			);
			name = "Supporting Files";
			sourceTree = "<group>";
		};
		CD80E78A164539A900A9C7D8 /* GUI */ = {
			isa = PBXGroup;
			children = (
				CD6AD402164D8948009FF1B5 /* GUINotifications */,
				CD6AD3F3164D6BAA009FF1B5 /* ShortcutWindow */,
				CD6AD38A164BFE91009FF1B5 /* Licence */,
				CD97CE6916466D7B00406F1F /* EVEMessages.h */,
				CD97CE6A16466D7B00406F1F /* EVEMessages.m */,
				CD80E78B16453A0500A9C7D8 /* MainMenuController.h */,
				CD80E78C16453A0500A9C7D8 /* MainMenuController.m */,
				CD80E7671645393400A9C7D8 /* MainMenu.xib */,
			);
			name = GUI;
			sourceTree = "<group>";
		};
		CD84B7871658CAC600DF227B /* V1_3_1 */ = {
			isa = PBXGroup;
			children = (
				CD6A928D1658D4DE00239A9E /* INSERT_APPLICATION_BLACKLISTV1_3_1.sql */,
				CD84B78B1658CC7200DF227B /* CREATE_TABLEV1_3_1.sql */,
				CD84B7881658CB5500DF227B /* MigrationsV1_3_1.h */,
				CD84B7891658CB5500DF227B /* MigrationsV1_3_1.m */,
			);
			name = V1_3_1;
			sourceTree = "<group>";
		};
		CD97CE6F164671E200406F1F /* DatabaseModel */ = {
			isa = PBXGroup;
			children = (
				CDEE155E164AB0D100EDCDF4 /* GUIElementsTable.h */,
				CDEE155F164AB0D200EDCDF4 /* GUIElementsTable.m */,
				CDEE15321648128C00EDCDF4 /* GUISupportTableModel.h */,
				CDEE15331648128C00EDCDF4 /* GUISupportTableModel.m */,
				CD97CE94164683EA00406F1F /* ApplicationsTableModel.h */,
				CD97CE95164683EA00406F1F /* ApplicationsTableModel.m */,
				CD5A4697164563D0007B57A5 /* MenuBarTableModel.h */,
				CD5A4698164563D0007B57A5 /* MenuBarTableModel.m */,
				CD97CE97164685BA00406F1F /* UserDataTableModel.h */,
				CD97CE98164685BA00406F1F /* UserDataTableModel.m */,
				CD97CE9D16468A5E00406F1F /* DisabledShortcutsModel.h */,
				CD97CE9E16468A5E00406F1F /* DisabledShortcutsModel.m */,
				CD97CEA016468C5100406F1F /* ShortcutTableModel.h */,
				CD97CEA116468C5200406F1F /* ShortcutTableModel.m */,
				CDEE1535164812F500EDCDF4 /* DisplayedShortcutsModel.h */,
				CDEE1536164812F500EDCDF4 /* DisplayedShortcutsModel.m */,
			);
			name = DatabaseModel;
			sourceTree = "<group>";
		};
		CDC77C1C165C2D8E00939D99 /* V1_3_2 */ = {
			isa = PBXGroup;
			children = (
				CD5E8E2C16612A7700D81C2E /* ALTER_MENU_BAR_ITEMS.sql */,
				CD71E48C165ED17F00987E09 /* INSERT_APPLICATION_BLACKLISTV1_3_2.sql */,
				CDC77C20165C2DEF00939D99 /* INSERT_GUI_ELEMENTS_V1_3_2.sql */,
				CDC77C21165C2DEF00939D99 /* INSERT_GUI_SUPPORT_V1_3_2.sql */,
				CDC77C1D165C2DAF00939D99 /* MigrationsV1_3_2.h */,
				CDC77C1E165C2DAF00939D99 /* MigrationsV1_3_2.m */,
			);
			name = V1_3_2;
			sourceTree = "<group>";
		};
		CDE54D9716626FE6009E4C57 /* Social */ = {
			isa = PBXGroup;
			children = (
				CDE54D9816626FF8009E4C57 /* ShareService.h */,
				CDE54D9916626FF8009E4C57 /* ShareService.m */,
			);
			path = Social;
			sourceTree = "<group>";
		};
		CDEE156D164AE36100EDCDF4 /* V1_3_0 */ = {
			isa = PBXGroup;
			children = (
				CD5A46481645563E007B57A5 /* MIGRATIONV1_3_0.h */,
				CD5A46491645563E007B57A5 /* MIGRATIONV1_3_0.m */,
				CDEE156E164AE38A00EDCDF4 /* INSERT_GUI_ELEMENTS_V1_0.sql */,
				CDEE155C164A9D3200EDCDF4 /* INSERT_GUI_SUPPORT_V1_0.sql */,
				CD5A466816455D69007B57A5 /* CREATE_TABLE_V1_0.sql */,
			);
			name = V1_3_0;
			sourceTree = "<group>";
		};
		CDEE1570164B03EF00EDCDF4 /* Licencing */ = {
			isa = PBXGroup;
			children = (
				CDEE1571164B03FF00EDCDF4 /* Licence.h */,
				CDEE1572164B03FF00EDCDF4 /* Licence.m */,
			);
			name = Licencing;
			sourceTree = "<group>";
		};
/* End PBXGroup section */

/* Begin PBXNativeTarget section */
		CD80E74D1645393300A9C7D8 /* hotkeyEVE */ = {
			isa = PBXNativeTarget;
			buildConfigurationList = CD80E7801645393400A9C7D8 /* Build configuration list for PBXNativeTarget "hotkeyEVE" */;
			buildPhases = (
				CD80E74A1645393300A9C7D8 /* Sources */,
				CD80E74B1645393300A9C7D8 /* Frameworks */,
				CD80E74C1645393300A9C7D8 /* Resources */,
				CD57864A16465CE100CC508B /* CopyFiles */,
				CDFF8CE9164B7CDC00A5EA5A /* CopyFiles */,
			);
			buildRules = (
			);
			dependencies = (
				CD5A463C1645512D007B57A5 /* PBXTargetDependency */,
				CD5A463E1645512D007B57A5 /* PBXTargetDependency */,
			);
			name = hotkeyEVE;
			productName = hotkeyEVE;
			productReference = CD80E74E1645393300A9C7D8 /* EVE.app */;
			productType = "com.apple.product-type.application";
		};
		CD80E76E1645393400A9C7D8 /* hotkeyEVETests */ = {
			isa = PBXNativeTarget;
			buildConfigurationList = CD80E7831645393400A9C7D8 /* Build configuration list for PBXNativeTarget "hotkeyEVETests" */;
			buildPhases = (
				CD80E76A1645393400A9C7D8 /* Sources */,
				CD80E76B1645393400A9C7D8 /* Frameworks */,
				CD80E76C1645393400A9C7D8 /* Resources */,
				CD80E76D1645393400A9C7D8 /* ShellScript */,
				CD602C78164F89A000CF32A4 /* CopyFiles */,
			);
			buildRules = (
			);
			dependencies = (
				CD80E7741645393400A9C7D8 /* PBXTargetDependency */,
			);
			name = hotkeyEVETests;
			productName = hotkeyEVETests;
			productReference = CD80E76F1645393400A9C7D8 /* hotkeyEVETests.octest */;
			productType = "com.apple.product-type.bundle";
		};
/* End PBXNativeTarget section */

/* Begin PBXProject section */
		CD80E7451645393300A9C7D8 /* Project object */ = {
			isa = PBXProject;
			attributes = {
				LastUpgradeCheck = 0450;
				ORGANIZATIONNAME = "Tobias Sommer";
			};
			buildConfigurationList = CD80E7481645393300A9C7D8 /* Build configuration list for PBXProject "hotkeyEVE" */;
			compatibilityVersion = "Xcode 3.2";
			developmentRegion = English;
			hasScannedForEncodings = 0;
			knownRegions = (
				en,
			);
			mainGroup = CD80E7431645393300A9C7D8;
			productRefGroup = CD80E74F1645393300A9C7D8 /* Products */;
			projectDirPath = "";
			projectReferences = (
				{
					ProductGroup = CD5A463016455118007B57A5 /* Products */;
					ProjectRef = CD5A462F16455118007B57A5 /* Database.xcodeproj */;
				},
				{
					ProductGroup = CD5A46241645510F007B57A5 /* Products */;
					ProjectRef = CD5A46231645510F007B57A5 /* UIElements.xcodeproj */;
				},
			);
			projectRoot = "";
			targets = (
				CD80E74D1645393300A9C7D8 /* hotkeyEVE */,
				CD80E76E1645393400A9C7D8 /* hotkeyEVETests */,
			);
		};
/* End PBXProject section */

/* Begin PBXReferenceProxy section */
		CD5A462C1645510F007B57A5 /* UIElements.dylib */ = {
			isa = PBXReferenceProxy;
			fileType = "compiled.mach-o.dylib";
			path = UIElements.dylib;
			remoteRef = CD5A462B1645510F007B57A5 /* PBXContainerItemProxy */;
			sourceTree = BUILT_PRODUCTS_DIR;
		};
		CD5A462E1645510F007B57A5 /* UIElementsTests.octest */ = {
			isa = PBXReferenceProxy;
			fileType = wrapper.cfbundle;
			path = UIElementsTests.octest;
			remoteRef = CD5A462D1645510F007B57A5 /* PBXContainerItemProxy */;
			sourceTree = BUILT_PRODUCTS_DIR;
		};
		CD5A463816455119007B57A5 /* Database.dylib */ = {
			isa = PBXReferenceProxy;
			fileType = "compiled.mach-o.dylib";
			path = Database.dylib;
			remoteRef = CD5A463716455119007B57A5 /* PBXContainerItemProxy */;
			sourceTree = BUILT_PRODUCTS_DIR;
		};
		CD5A463A16455119007B57A5 /* DatabaseTests.octest */ = {
			isa = PBXReferenceProxy;
			fileType = wrapper.cfbundle;
			path = DatabaseTests.octest;
			remoteRef = CD5A463916455119007B57A5 /* PBXContainerItemProxy */;
			sourceTree = BUILT_PRODUCTS_DIR;
		};
/* End PBXReferenceProxy section */

/* Begin PBXResourcesBuildPhase section */
		CD80E74C1645393300A9C7D8 /* Resources */ = {
			isa = PBXResourcesBuildPhase;
			buildActionMask = 2147483647;
			files = (
				CD80E75D1645393400A9C7D8 /* InfoPlist.strings in Resources */,
				CD80E7631645393400A9C7D8 /* Credits.rtf in Resources */,
				CD80E7691645393400A9C7D8 /* MainMenu.xib in Resources */,
				CD80E78F1645406B00A9C7D8 /* EVE_ICON_STATUS_BAR_ACTIVE.icns in Resources */,
				CD5A4667164558FB007B57A5 /* README.txt in Resources */,
				CD5A466916455D69007B57A5 /* CREATE_TABLE_V1_0.sql in Resources */,
				CD57864C16465D5800CC508B /* Growl Registration Ticket.growlRegDict in Resources */,
				CD5786551646611200CC508B /* EVE_ICON.icns in Resources */,
				CDEE15311648127A00EDCDF4 /* EVE_ICON_STATUS_BAR_NOT_SUPPORTED.icns in Resources */,
				CDEE155D164A9D3200EDCDF4 /* INSERT_GUI_SUPPORT_V1_0.sql in Resources */,
				CDEE156F164AE38A00EDCDF4 /* INSERT_GUI_ELEMENTS_V1_0.sql in Resources */,
				CD6AD392164BFE9D009FF1B5 /* LicenceWindow.xib in Resources */,
				CD6AD3F2164D6B9E009FF1B5 /* ShortcutsWindow.xib in Resources */,
				CD836D591652C0A5008A7876 /* Credits.html in Resources */,
				CD84B78C1658CC7200DF227B /* CREATE_TABLEV1_3_1.sql in Resources */,
				CD6A928E1658D4DE00239A9E /* INSERT_APPLICATION_BLACKLISTV1_3_1.sql in Resources */,
				CDC77C22165C2DEF00939D99 /* INSERT_GUI_ELEMENTS_V1_3_2.sql in Resources */,
				CDC77C23165C2DEF00939D99 /* INSERT_GUI_SUPPORT_V1_3_2.sql in Resources */,
				CD71E48D165ED17F00987E09 /* INSERT_APPLICATION_BLACKLISTV1_3_2.sql in Resources */,
				CD5E8E2D16612A7700D81C2E /* ALTER_MENU_BAR_ITEMS.sql in Resources */,
				CD59010F1663BE61000613F7 /* INSERT_GUI_ELEMENTS_V1_3_3.sql in Resources */,
				CD52DC851665527D0006CF06 /* INSERT_GUI_SUPPORT_V1_3_3.sql in Resources */,
				CD52DC931666918C0006CF06 /* ALTER_GUI_ELEMENTS_V1_3_3.sql in Resources */,
			);
			runOnlyForDeploymentPostprocessing = 0;
		};
		CD80E76C1645393400A9C7D8 /* Resources */ = {
			isa = PBXResourcesBuildPhase;
			buildActionMask = 2147483647;
			files = (
				CD80E77A1645393400A9C7D8 /* InfoPlist.strings in Resources */,
			);
			runOnlyForDeploymentPostprocessing = 0;
		};
/* End PBXResourcesBuildPhase section */

/* Begin PBXShellScriptBuildPhase section */
		CD80E76D1645393400A9C7D8 /* ShellScript */ = {
			isa = PBXShellScriptBuildPhase;
			buildActionMask = 2147483647;
			files = (
			);
			inputPaths = (
			);
			outputPaths = (
			);
			runOnlyForDeploymentPostprocessing = 0;
			shellPath = /bin/sh;
			shellScript = "# Run the unit tests in this test bundle.\n\"${SYSTEM_DEVELOPER_DIR}/Tools/RunUnitTests\"\n";
		};
/* End PBXShellScriptBuildPhase section */

/* Begin PBXSourcesBuildPhase section */
		CD80E74A1645393300A9C7D8 /* Sources */ = {
			isa = PBXSourcesBuildPhase;
			buildActionMask = 2147483647;
			files = (
				CD80E75F1645393400A9C7D8 /* main.m in Sources */,
				CD80E7661645393400A9C7D8 /* AppDelegate.m in Sources */,
				CD80E78D16453A0500A9C7D8 /* MainMenuController.m in Sources */,
				CD5A464716455398007B57A5 /* DatabaseManager.m in Sources */,
				CD5A464A1645563E007B57A5 /* MIGRATIONV1_3_0.m in Sources */,
				CD5A464E1645579C007B57A5 /* EVEDatabase.m in Sources */,
				CD5A4660164558FB007B57A5 /* DDAbstractDatabaseLogger.m in Sources */,
				CD5A4661164558FB007B57A5 /* DDASLLogger.m in Sources */,
				CD5A4662164558FB007B57A5 /* DDFileLogger.m in Sources */,
				CD5A4663164558FB007B57A5 /* DDLog.m in Sources */,
				CD5A4664164558FB007B57A5 /* DDTTYLogger.m in Sources */,
				CD5A4665164558FB007B57A5 /* ContextFilterLogFormatter.m in Sources */,
				CD5A4666164558FB007B57A5 /* DispatchQueueLogFormatter.m in Sources */,
				CD5A469216455F7D007B57A5 /* MenuBarIndexingThread.m in Sources */,
				CD5A4699164563D0007B57A5 /* MenuBarTableModel.m in Sources */,
				CD5A46CD16463D72007B57A5 /* EVEManager.m in Sources */,
				CD5A46D016463E64007B57A5 /* IndexingController.m in Sources */,
				CD5A46F516464F7E007B57A5 /* EVEObserver.m in Sources */,
				CD5A46F816465123007B57A5 /* UIElementClickedController.m in Sources */,
				CD97CE6B16466D7B00406F1F /* EVEMessages.m in Sources */,
				CD97CE6E164670BE00406F1F /* HandleClickedUIElement.m in Sources */,
				CD97CE9016467AB000406F1F /* GrowlController.m in Sources */,
				CD97CE96164683EA00406F1F /* ApplicationsTableModel.m in Sources */,
				CD97CE99164685BA00406F1F /* UserDataTableModel.m in Sources */,
				CD97CE9F16468A5E00406F1F /* DisabledShortcutsModel.m in Sources */,
				CD97CEA216468C5200406F1F /* ShortcutTableModel.m in Sources */,
				CDB3D6621646BAE000285306 /* AppLaunchedController.m in Sources */,
				CDEE15341648128C00EDCDF4 /* GUISupportTableModel.m in Sources */,
				CDEE1537164812F500EDCDF4 /* DisplayedShortcutsModel.m in Sources */,
				CDEE1558164A93FB00EDCDF4 /* EVEUtilities.m in Sources */,
				CDEE1559164A93FB00EDCDF4 /* NSFileManager+DirectoryLocations.m in Sources */,
				CDEE155A164A93FB00EDCDF4 /* Queue.m in Sources */,
				CDEE155B164A93FB00EDCDF4 /* StringUtilities.m in Sources */,
				CDEE1560164AB0D400EDCDF4 /* GUIElementsTable.m in Sources */,
				CDEE1573164B03FF00EDCDF4 /* Licence.m in Sources */,
				CDEE1576164B04F100EDCDF4 /* NSString+Hashes.m in Sources */,
				CD6AD395164C047E009FF1B5 /* LicenceWindowController.m in Sources */,
				CD6AD3BC164C17E9009FF1B5 /* GUIUtilities.m in Sources */,
				CD6AD3F1164D6B9E009FF1B5 /* ShortcutsWindowController.m in Sources */,
				CD6AD3FE164D7BA6009FF1B5 /* ApplicationsTableViewController.m in Sources */,
				CD6AD401164D893B009FF1B5 /* GUINotifications.m in Sources */,
				CDA7AD77164D9F4D000907A5 /* ShortcutsTableViewConroller.m in Sources */,
				CD84B78A1658CB5500DF227B /* MigrationsV1_3_1.m in Sources */,
				CDC77C1F165C2DAF00939D99 /* MigrationsV1_3_2.m in Sources */,
				CD71E4A4165EE85A00987E09 /* DDHotKeyAppDelegate.m in Sources */,
				CD71E4A5165EE85A00987E09 /* DDHotKeyCenter.m in Sources */,
				CD71E4AB165FC88B00987E09 /* GlobalHotkeyController.m in Sources */,
				CD018F001660A4B3008A1C5A /* AppChangedController.m in Sources */,
				CDE54D9A16626FF8009E4C57 /* ShareService.m in Sources */,
				CD59010D1663BE57000613F7 /* MigrationsV1_3_3.m in Sources */,
			);
			runOnlyForDeploymentPostprocessing = 0;
		};
		CD80E76A1645393400A9C7D8 /* Sources */ = {
			isa = PBXSourcesBuildPhase;
			buildActionMask = 2147483647;
			files = (
				CD80E77D1645393400A9C7D8 /* hotkeyEVETests.m in Sources */,
				CDE54D9D16627556009E4C57 /* ShareServiceTests.m in Sources */,
				CDE54D9E166277D2009E4C57 /* ShareService.m in Sources */,
			);
			runOnlyForDeploymentPostprocessing = 0;
		};
/* End PBXSourcesBuildPhase section */

/* Begin PBXTargetDependency section */
		CD5A463C1645512D007B57A5 /* PBXTargetDependency */ = {
			isa = PBXTargetDependency;
			name = UIElements;
			targetProxy = CD5A463B1645512D007B57A5 /* PBXContainerItemProxy */;
		};
		CD5A463E1645512D007B57A5 /* PBXTargetDependency */ = {
			isa = PBXTargetDependency;
			name = Database;
			targetProxy = CD5A463D1645512D007B57A5 /* PBXContainerItemProxy */;
		};
		CD80E7741645393400A9C7D8 /* PBXTargetDependency */ = {
			isa = PBXTargetDependency;
			target = CD80E74D1645393300A9C7D8 /* hotkeyEVE */;
			targetProxy = CD80E7731645393400A9C7D8 /* PBXContainerItemProxy */;
		};
/* End PBXTargetDependency section */

/* Begin PBXVariantGroup section */
		CD80E75B1645393400A9C7D8 /* InfoPlist.strings */ = {
			isa = PBXVariantGroup;
			children = (
				CD80E75C1645393400A9C7D8 /* en */,
			);
			name = InfoPlist.strings;
			sourceTree = "<group>";
		};
		CD80E7611645393400A9C7D8 /* Credits.rtf */ = {
			isa = PBXVariantGroup;
			children = (
				CD80E7621645393400A9C7D8 /* en */,
			);
			name = Credits.rtf;
			sourceTree = "<group>";
		};
		CD80E7671645393400A9C7D8 /* MainMenu.xib */ = {
			isa = PBXVariantGroup;
			children = (
				CD80E7681645393400A9C7D8 /* en */,
			);
			name = MainMenu.xib;
			sourceTree = "<group>";
		};
		CD80E7781645393400A9C7D8 /* InfoPlist.strings */ = {
			isa = PBXVariantGroup;
			children = (
				CD80E7791645393400A9C7D8 /* en */,
			);
			name = InfoPlist.strings;
			sourceTree = "<group>";
		};
/* End PBXVariantGroup section */

/* Begin XCBuildConfiguration section */
		CD80E77E1645393400A9C7D8 /* Debug */ = {
			isa = XCBuildConfiguration;
			buildSettings = {
				ALWAYS_SEARCH_USER_PATHS = YES;
				ARCHS = "$(ARCHS_STANDARD_64_BIT)";
				CLANG_CXX_LANGUAGE_STANDARD = "gnu++0x";
				CLANG_CXX_LIBRARY = "libc++";
				CLANG_ENABLE_OBJC_ARC = YES;
				CLANG_WARN_EMPTY_BODY = YES;
				CLANG_WARN__DUPLICATE_METHOD_MATCH = YES;
				COPY_PHASE_STRIP = NO;
				GCC_C_LANGUAGE_STANDARD = gnu99;
				GCC_DYNAMIC_NO_PIC = NO;
				GCC_ENABLE_OBJC_EXCEPTIONS = YES;
				GCC_OPTIMIZATION_LEVEL = 0;
				GCC_PREPROCESSOR_DEFINITIONS = (
					"DEBUG=1",
					"$(inherited)",
				);
				GCC_SYMBOLS_PRIVATE_EXTERN = NO;
				GCC_WARN_64_TO_32_BIT_CONVERSION = YES;
				GCC_WARN_ABOUT_RETURN_TYPE = YES;
				GCC_WARN_UNINITIALIZED_AUTOS = YES;
				GCC_WARN_UNUSED_VARIABLE = YES;
				HEADER_SEARCH_PATHS = "";
				MACOSX_DEPLOYMENT_TARGET = 10.6;
				ONLY_ACTIVE_ARCH = YES;
				SDKROOT = macosx;
			};
			name = Debug;
		};
		CD80E77F1645393400A9C7D8 /* Release */ = {
			isa = XCBuildConfiguration;
			buildSettings = {
				ALWAYS_SEARCH_USER_PATHS = YES;
				ARCHS = "$(ARCHS_STANDARD_64_BIT)";
				CLANG_CXX_LANGUAGE_STANDARD = "gnu++0x";
				CLANG_CXX_LIBRARY = "libc++";
				CLANG_ENABLE_OBJC_ARC = YES;
				CLANG_WARN_EMPTY_BODY = YES;
				CLANG_WARN__DUPLICATE_METHOD_MATCH = YES;
				COPY_PHASE_STRIP = YES;
				DEBUG_INFORMATION_FORMAT = "dwarf-with-dsym";
				GCC_C_LANGUAGE_STANDARD = gnu99;
				GCC_ENABLE_OBJC_EXCEPTIONS = YES;
				GCC_WARN_64_TO_32_BIT_CONVERSION = YES;
				GCC_WARN_ABOUT_RETURN_TYPE = YES;
				GCC_WARN_UNINITIALIZED_AUTOS = YES;
				GCC_WARN_UNUSED_VARIABLE = YES;
				HEADER_SEARCH_PATHS = "";
				MACOSX_DEPLOYMENT_TARGET = 10.6;
				SDKROOT = macosx;
			};
			name = Release;
		};
		CD80E7811645393400A9C7D8 /* Debug */ = {
			isa = XCBuildConfiguration;
			buildSettings = {
				COMBINE_HIDPI_IMAGES = YES;
				FRAMEWORK_SEARCH_PATHS = (
					"$(inherited)",
					"\"$(SRCROOT)/hotkeyEVE/Frameworks\"",
				);
				GCC_PRECOMPILE_PREFIX_HEADER = YES;
				GCC_PREFIX_HEADER = "hotkeyEVE/hotkeyEVE-Prefix.pch";
				INFOPLIST_FILE = "hotkeyEVE/hotkeyEVE-Info.plist";
				LD_RUNPATH_SEARCH_PATHS = "";
				LIBRARY_SEARCH_PATHS = "";
				MACOSX_DEPLOYMENT_TARGET = 10.6;
				OTHER_LDFLAGS = (
					"-ObjC",
					"-all_load",
				);
				PRODUCT_NAME = EVE;
				SCAN_ALL_SOURCE_FILES_FOR_INCLUDES = NO;
				USER_HEADER_SEARCH_PATHS = "\"$(PROJECT_TEMP_DIR)/../UninstalledProducts/include\"";
				WRAPPER_EXTENSION = app;
			};
			name = Debug;
		};
		CD80E7821645393400A9C7D8 /* Release */ = {
			isa = XCBuildConfiguration;
			buildSettings = {
				COMBINE_HIDPI_IMAGES = YES;
				FRAMEWORK_SEARCH_PATHS = (
					"$(inherited)",
					"\"$(SRCROOT)/hotkeyEVE/Frameworks\"",
				);
				GCC_PRECOMPILE_PREFIX_HEADER = YES;
				GCC_PREFIX_HEADER = "hotkeyEVE/hotkeyEVE-Prefix.pch";
				INFOPLIST_FILE = "hotkeyEVE/hotkeyEVE-Info.plist";
				LD_RUNPATH_SEARCH_PATHS = "";
				LIBRARY_SEARCH_PATHS = "";
				MACOSX_DEPLOYMENT_TARGET = 10.6;
				OTHER_LDFLAGS = (
					"-ObjC",
					"-all_load",
				);
				PRODUCT_NAME = EVE;
				SCAN_ALL_SOURCE_FILES_FOR_INCLUDES = NO;
				USER_HEADER_SEARCH_PATHS = "\"$(PROJECT_TEMP_DIR)/../UninstalledProducts/include\"";
				WRAPPER_EXTENSION = app;
			};
			name = Release;
		};
		CD80E7841645393400A9C7D8 /* Debug */ = {
			isa = XCBuildConfiguration;
			buildSettings = {
				BUNDLE_LOADER = "$(BUILT_PRODUCTS_DIR)/hotkeyEVE.app/Contents/MacOS/hotkeyEVE";
				COMBINE_HIDPI_IMAGES = YES;
				FRAMEWORK_SEARCH_PATHS = (
					"\"$(DEVELOPER_LIBRARY_DIR)/Frameworks\"",
					"\"$(SRCROOT)/hotkeyEVE/Frameworks\"",
				);
				GCC_PRECOMPILE_PREFIX_HEADER = YES;
				GCC_PREFIX_HEADER = "hotkeyEVE/hotkeyEVE-Prefix.pch";
				INFOPLIST_FILE = "hotkeyEVETests/hotkeyEVETests-Info.plist";
				PRODUCT_NAME = "$(TARGET_NAME)";
				TEST_HOST = "$(BUNDLE_LOADER)";
				WRAPPER_EXTENSION = octest;
			};
			name = Debug;
		};
		CD80E7851645393400A9C7D8 /* Release */ = {
			isa = XCBuildConfiguration;
			buildSettings = {
				BUNDLE_LOADER = "$(BUILT_PRODUCTS_DIR)/hotkeyEVE.app/Contents/MacOS/hotkeyEVE";
				COMBINE_HIDPI_IMAGES = YES;
				FRAMEWORK_SEARCH_PATHS = (
					"\"$(DEVELOPER_LIBRARY_DIR)/Frameworks\"",
					"\"$(SRCROOT)/hotkeyEVE/Frameworks\"",
				);
				GCC_PRECOMPILE_PREFIX_HEADER = YES;
				GCC_PREFIX_HEADER = "hotkeyEVE/hotkeyEVE-Prefix.pch";
				INFOPLIST_FILE = "hotkeyEVETests/hotkeyEVETests-Info.plist";
				PRODUCT_NAME = "$(TARGET_NAME)";
				TEST_HOST = "$(BUNDLE_LOADER)";
				WRAPPER_EXTENSION = octest;
			};
			name = Release;
		};
/* End XCBuildConfiguration section */

/* Begin XCConfigurationList section */
		CD80E7481645393300A9C7D8 /* Build configuration list for PBXProject "hotkeyEVE" */ = {
			isa = XCConfigurationList;
			buildConfigurations = (
				CD80E77E1645393400A9C7D8 /* Debug */,
				CD80E77F1645393400A9C7D8 /* Release */,
			);
			defaultConfigurationIsVisible = 0;
			defaultConfigurationName = Release;
		};
		CD80E7801645393400A9C7D8 /* Build configuration list for PBXNativeTarget "hotkeyEVE" */ = {
			isa = XCConfigurationList;
			buildConfigurations = (
				CD80E7811645393400A9C7D8 /* Debug */,
				CD80E7821645393400A9C7D8 /* Release */,
			);
			defaultConfigurationIsVisible = 0;
			defaultConfigurationName = Release;
		};
		CD80E7831645393400A9C7D8 /* Build configuration list for PBXNativeTarget "hotkeyEVETests" */ = {
			isa = XCConfigurationList;
			buildConfigurations = (
				CD80E7841645393400A9C7D8 /* Debug */,
				CD80E7851645393400A9C7D8 /* Release */,
			);
			defaultConfigurationIsVisible = 0;
			defaultConfigurationName = Release;
		};
/* End XCConfigurationList section */
	};
	rootObject = CD80E7451645393300A9C7D8 /* Project object */;
}
